// !$*UTF8*$!
{
	archiveVersion = 1;
	classes = {
	};
	objectVersion = 46;
	objects = {

/* Begin PBXBuildFile section */
		3A3279D818B704B90031A0A7 /* fork@2x.png in Resources */ = {isa = PBXBuildFile; fileRef = 3A3279D518B704B90031A0A7 /* fork@2x.png */; };
		3A3279D918B704B90031A0A7 /* star@2x.png in Resources */ = {isa = PBXBuildFile; fileRef = 3A3279D618B704B90031A0A7 /* star@2x.png */; };
		3A3279DA18B704B90031A0A7 /* starred@2x.png in Resources */ = {isa = PBXBuildFile; fileRef = 3A3279D718B704B90031A0A7 /* starred@2x.png */; };
		3A3279DE18B705050031A0A7 /* tab_all@2x.png in Resources */ = {isa = PBXBuildFile; fileRef = 3A3279DC18B705050031A0A7 /* tab_all@2x.png */; };
		3A3279DF18B705050031A0A7 /* tab_allSelect@2x.png in Resources */ = {isa = PBXBuildFile; fileRef = 3A3279DD18B705050031A0A7 /* tab_allSelect@2x.png */; };
		3A3279E318B705BC0031A0A7 /* fork40@2x.png in Resources */ = {isa = PBXBuildFile; fileRef = 3A3279E018B705BC0031A0A7 /* fork40@2x.png */; };
		3A3279E418B705BC0031A0A7 /* star40@2x.png in Resources */ = {isa = PBXBuildFile; fileRef = 3A3279E118B705BC0031A0A7 /* star40@2x.png */; };
		3A3279E518B705BC0031A0A7 /* starred40@2x.png in Resources */ = {isa = PBXBuildFile; fileRef = 3A3279E218B705BC0031A0A7 /* starred40@2x.png */; };
		3A3279E818B721100031A0A7 /* XDRepoCardViewController.m in Sources */ = {isa = PBXBuildFile; fileRef = 3A3279E718B721100031A0A7 /* XDRepoCardViewController.m */; };
		3A3279EA18B721810031A0A7 /* repoCard.plist in Resources */ = {isa = PBXBuildFile; fileRef = 3A3279E918B721810031A0A7 /* repoCard.plist */; };
		3A3279ED18B74E700031A0A7 /* XDAccountViewController.m in Sources */ = {isa = PBXBuildFile; fileRef = 3A3279EC18B74E700031A0A7 /* XDAccountViewController.m */; };
		3A3279F018B750A60031A0A7 /* XDStargazersViewController.m in Sources */ = {isa = PBXBuildFile; fileRef = 3A3279EF18B750A60031A0A7 /* XDStargazersViewController.m */; };
		3A3279F318B7513A0031A0A7 /* XDForkersViewController.m in Sources */ = {isa = PBXBuildFile; fileRef = 3A3279F218B7513A0031A0A7 /* XDForkersViewController.m */; };
		3A3279F618B758510031A0A7 /* XDWatchersViewController.m in Sources */ = {isa = PBXBuildFile; fileRef = 3A3279F518B758510031A0A7 /* XDWatchersViewController.m */; };
		3A373AD618BB439700E57345 /* PullRequestModel.m in Sources */ = {isa = PBXBuildFile; fileRef = 3A373AD518BB439700E57345 /* PullRequestModel.m */; };
		3A373ADB18BB440800E57345 /* NSDictionary+Category.m in Sources */ = {isa = PBXBuildFile; fileRef = 3A373AD818BB440800E57345 /* NSDictionary+Category.m */; };
		3A373ADC18BB440800E57345 /* NSMutableDictionary+nilObject.m in Sources */ = {isa = PBXBuildFile; fileRef = 3A373ADA18BB440800E57345 /* NSMutableDictionary+nilObject.m */; };
		3A373AE018BB48D200E57345 /* XDPullRequestsViewController.m in Sources */ = {isa = PBXBuildFile; fileRef = 3A373ADF18BB48D200E57345 /* XDPullRequestsViewController.m */; };
		3A373AE318BB491E00E57345 /* XDPullRequestCell.m in Sources */ = {isa = PBXBuildFile; fileRef = 3A373AE218BB491E00E57345 /* XDPullRequestCell.m */; };
		3A47A4E118B45504001C76C0 /* XDLoadingView.m in Sources */ = {isa = PBXBuildFile; fileRef = 3A47A4DA18B45504001C76C0 /* XDLoadingView.m */; };
		3A47A4E318B45504001C76C0 /* XDTabBarItem.m in Sources */ = {isa = PBXBuildFile; fileRef = 3A47A4E018B45504001C76C0 /* XDTabBarItem.m */; };
		3A47A4E718B45527001C76C0 /* XDActivityIndicatorView.m in Sources */ = {isa = PBXBuildFile; fileRef = 3A47A4E618B45527001C76C0 /* XDActivityIndicatorView.m */; };
		3A47A50518B462FE001C76C0 /* login_input_bg@2x.png in Resources */ = {isa = PBXBuildFile; fileRef = 3A47A4EE18B462FE001C76C0 /* login_input_bg@2x.png */; };
		3A47A50618B462FE001C76C0 /* login_separator@2x.png in Resources */ = {isa = PBXBuildFile; fileRef = 3A47A4EF18B462FE001C76C0 /* login_separator@2x.png */; };
		3A47A50718B462FE001C76C0 /* rectangle_checked.png in Resources */ = {isa = PBXBuildFile; fileRef = 3A47A4F018B462FE001C76C0 /* rectangle_checked.png */; };
		3A47A50818B462FE001C76C0 /* rectangle_checked@2x.png in Resources */ = {isa = PBXBuildFile; fileRef = 3A47A4F118B462FE001C76C0 /* rectangle_checked@2x.png */; };
		3A47A50918B462FE001C76C0 /* rectangle_uncheck.png in Resources */ = {isa = PBXBuildFile; fileRef = 3A47A4F218B462FE001C76C0 /* rectangle_uncheck.png */; };
		3A47A50A18B462FE001C76C0 /* rectangle_uncheck@2x.png in Resources */ = {isa = PBXBuildFile; fileRef = 3A47A4F318B462FE001C76C0 /* rectangle_uncheck@2x.png */; };
		3A47A50B18B462FE001C76C0 /* userHeaderDefault_30@2x.png in Resources */ = {isa = PBXBuildFile; fileRef = 3A47A4F418B462FE001C76C0 /* userHeaderDefault_30@2x.png */; };
		3A47A50C18B462FE001C76C0 /* button_bg_blue@2x.png in Resources */ = {isa = PBXBuildFile; fileRef = 3A47A4F518B462FE001C76C0 /* button_bg_blue@2x.png */; };
		3A47A50D18B462FE001C76C0 /* button_bg_green@2x.png in Resources */ = {isa = PBXBuildFile; fileRef = 3A47A4F618B462FE001C76C0 /* button_bg_green@2x.png */; };
		3A47A50E18B462FE001C76C0 /* button_bg_red@2x.png in Resources */ = {isa = PBXBuildFile; fileRef = 3A47A4F718B462FE001C76C0 /* button_bg_red@2x.png */; };
		3A47A50F18B462FE001C76C0 /* navi_bg@2x.png in Resources */ = {isa = PBXBuildFile; fileRef = 3A47A4F918B462FE001C76C0 /* navi_bg@2x.png */; };
		3A47A51018B462FE001C76C0 /* navi_bg_i7@2x.png in Resources */ = {isa = PBXBuildFile; fileRef = 3A47A4FA18B462FE001C76C0 /* navi_bg_i7@2x.png */; };
		3A47A51118B462FE001C76C0 /* navi_bg_prompt@2x.png in Resources */ = {isa = PBXBuildFile; fileRef = 3A47A4FB18B462FE001C76C0 /* navi_bg_prompt@2x.png */; };
		3A47A51218B462FE001C76C0 /* navi_bg_prompt_i7@2x.png in Resources */ = {isa = PBXBuildFile; fileRef = 3A47A4FC18B462FE001C76C0 /* navi_bg_prompt_i7@2x.png */; };
		3A47A51318B462FE001C76C0 /* navi_settingBlue@2x.png in Resources */ = {isa = PBXBuildFile; fileRef = 3A47A4FD18B462FE001C76C0 /* navi_settingBlue@2x.png */; };
		3A47A51418B462FE001C76C0 /* navi_settingWhite@2x.png in Resources */ = {isa = PBXBuildFile; fileRef = 3A47A4FE18B462FE001C76C0 /* navi_settingWhite@2x.png */; };
		3A47A51518B462FE001C76C0 /* side_menu@2x.png in Resources */ = {isa = PBXBuildFile; fileRef = 3A47A50018B462FE001C76C0 /* side_menu@2x.png */; };
		3A47A51618B462FE001C76C0 /* side_copy@2x.png in Resources */ = {isa = PBXBuildFile; fileRef = 3A47A50118B462FE001C76C0 /* side_copy@2x.png */; };
		3A47A51718B462FE001C76C0 /* side_own@2x.png in Resources */ = {isa = PBXBuildFile; fileRef = 3A47A50218B462FE001C76C0 /* side_own@2x.png */; };
		3A4B77A818B2140D00A94D47 /* sideSource.plist in Resources */ = {isa = PBXBuildFile; fileRef = 3A4B77A718B2140D00A94D47 /* sideSource.plist */; };
		3A8F89E518B4B71200924CDE /* accountCard.plist in Resources */ = {isa = PBXBuildFile; fileRef = 3A8F89E418B4B71200924CDE /* accountCard.plist */; };
		3AA4F02F18B5977600E8E1BA /* UIButton+AsyncImage.m in Sources */ = {isa = PBXBuildFile; fileRef = 3AA4F02E18B5977600E8E1BA /* UIButton+AsyncImage.m */; };
		3AA4F03318B5CC9100E8E1BA /* XDGitsViewController.m in Sources */ = {isa = PBXBuildFile; fileRef = 3AA4F03218B5CC9100E8E1BA /* XDGitsViewController.m */; };
		3AA4F03618B5D27000E8E1BA /* GitModel.m in Sources */ = {isa = PBXBuildFile; fileRef = 3AA4F03518B5D27000E8E1BA /* GitModel.m */; };
		3AA4F03918B5D36000E8E1BA /* FileModel.m in Sources */ = {isa = PBXBuildFile; fileRef = 3AA4F03818B5D36000E8E1BA /* FileModel.m */; };
		3AA4F03C18B5DBC500E8E1BA /* XDRepositoryCell.m in Sources */ = {isa = PBXBuildFile; fileRef = 3AA4F03B18B5DBC500E8E1BA /* XDRepositoryCell.m */; };
		3AA4F04218B5DCB900E8E1BA /* XDBaseModel.m in Sources */ = {isa = PBXBuildFile; fileRef = 3AA4F04118B5DCB900E8E1BA /* XDBaseModel.m */; };
		3AA8010318B2F62B00F8450B /* XDTableViewCell.m in Sources */ = {isa = PBXBuildFile; fileRef = 3AA8010218B2F62B00F8450B /* XDTableViewCell.m */; };
		3AA8011018B323CE00F8450B /* XDGithubEngine.m in Sources */ = {isa = PBXBuildFile; fileRef = 3AA8010F18B323CE00F8450B /* XDGithubEngine.m */; };
		3AA8012018B3460200F8450B /* NSData+Category.m in Sources */ = {isa = PBXBuildFile; fileRef = 3AA8011D18B3460200F8450B /* NSData+Category.m */; };
		3AA8012118B3460200F8450B /* NSString+Category.m in Sources */ = {isa = PBXBuildFile; fileRef = 3AA8011F18B3460200F8450B /* NSString+Category.m */; };
		3AA8012518B3532D00F8450B /* XDRepositoryViewController.m in Sources */ = {isa = PBXBuildFile; fileRef = 3AA8012418B3532D00F8450B /* XDRepositoryViewController.m */; };
		3AA8012818B3554A00F8450B /* RepositoryModel.m in Sources */ = {isa = PBXBuildFile; fileRef = 3AA8012718B3554A00F8450B /* RepositoryModel.m */; };
		3AA8012B18B35B9B00F8450B /* XDTabBarController.m in Sources */ = {isa = PBXBuildFile; fileRef = 3AA8012A18B35B9B00F8450B /* XDTabBarController.m */; };
		3AA8013318B3691700F8450B /* XDAccountCardViewController.m in Sources */ = {isa = PBXBuildFile; fileRef = 3AA8013218B3691700F8450B /* XDAccountCardViewController.m */; };
		3AEDE94D18ADF5A90093946D /* Foundation.framework in Frameworks */ = {isa = PBXBuildFile; fileRef = 3AEDE94C18ADF5A90093946D /* Foundation.framework */; };
		3AEDE94F18ADF5A90093946D /* CoreGraphics.framework in Frameworks */ = {isa = PBXBuildFile; fileRef = 3AEDE94E18ADF5A90093946D /* CoreGraphics.framework */; };
		3AEDE95118ADF5A90093946D /* UIKit.framework in Frameworks */ = {isa = PBXBuildFile; fileRef = 3AEDE95018ADF5A90093946D /* UIKit.framework */; };
		3AEDE95718ADF5A90093946D /* InfoPlist.strings in Resources */ = {isa = PBXBuildFile; fileRef = 3AEDE95518ADF5A90093946D /* InfoPlist.strings */; };
		3AEDE95918ADF5A90093946D /* main.m in Sources */ = {isa = PBXBuildFile; fileRef = 3AEDE95818ADF5A90093946D /* main.m */; };
		3AEDE95F18ADF5A90093946D /* Images.xcassets in Resources */ = {isa = PBXBuildFile; fileRef = 3AEDE95E18ADF5A90093946D /* Images.xcassets */; };
		3AEDE96618ADF5A90093946D /* XCTest.framework in Frameworks */ = {isa = PBXBuildFile; fileRef = 3AEDE96518ADF5A90093946D /* XCTest.framework */; };
		3AEDE96718ADF5A90093946D /* Foundation.framework in Frameworks */ = {isa = PBXBuildFile; fileRef = 3AEDE94C18ADF5A90093946D /* Foundation.framework */; };
		3AEDE96818ADF5A90093946D /* UIKit.framework in Frameworks */ = {isa = PBXBuildFile; fileRef = 3AEDE95018ADF5A90093946D /* UIKit.framework */; };
		3AEDE98718ADFD380093946D /* XDAppDelegate.m in Sources */ = {isa = PBXBuildFile; fileRef = 3AEDE98518ADFD380093946D /* XDAppDelegate.m */; };
		3AEDE9A718ADFF1A0093946D /* XDViewController.m in Sources */ = {isa = PBXBuildFile; fileRef = 3AEDE99B18ADFF1A0093946D /* XDViewController.m */; };
		3AEDE9AA18ADFF1A0093946D /* XDViewManager.m in Sources */ = {isa = PBXBuildFile; fileRef = 3AEDE9A218ADFF1A0093946D /* XDViewManager.m */; };
		3AEDEA3A18AE17450093946D /* NRGridView.m in Sources */ = {isa = PBXBuildFile; fileRef = 3AEDEA0F18AE17450093946D /* NRGridView.m */; settings = {COMPILER_FLAGS = "-fno-objc-arc"; }; };
		3AEDEA3B18AE17450093946D /* NRGridViewCell.m in Sources */ = {isa = PBXBuildFile; fileRef = 3AEDEA1118AE17450093946D /* NRGridViewCell.m */; settings = {COMPILER_FLAGS = "-fno-objc-arc"; }; };
		3AEDEA3C18AE17450093946D /* UIScrollView+SVInfiniteScrolling.m in Sources */ = {isa = PBXBuildFile; fileRef = 3AEDEA1718AE17450093946D /* UIScrollView+SVInfiniteScrolling.m */; };
		3AEDEA3D18AE17450093946D /* UIScrollView+SVPullToRefresh.m in Sources */ = {isa = PBXBuildFile; fileRef = 3AEDEA1918AE17450093946D /* UIScrollView+SVPullToRefresh.m */; };
		3AEDEA4B18AE1D930093946D /* XDTableViewController.m in Sources */ = {isa = PBXBuildFile; fileRef = 3AEDEA4818AE1D930093946D /* XDTableViewController.m */; };
		3AEDEA5318AE20D10093946D /* IISideController.m in Sources */ = {isa = PBXBuildFile; fileRef = 3AEDEA4E18AE20D10093946D /* IISideController.m */; };
		3AEDEA5418AE20D10093946D /* IIViewDeckController.m in Sources */ = {isa = PBXBuildFile; fileRef = 3AEDEA5018AE20D10093946D /* IIViewDeckController.m */; };
		3AEDEA5518AE20D10093946D /* IIWrapController.m in Sources */ = {isa = PBXBuildFile; fileRef = 3AEDEA5218AE20D10093946D /* IIWrapController.m */; };
		3AEDEA5818AE21B10093946D /* XDGitSideViewController.m in Sources */ = {isa = PBXBuildFile; fileRef = 3AEDEA5718AE21B10093946D /* XDGitSideViewController.m */; };
		3AEDEA5B18AE221D0093946D /* XDGitDeckViewController.m in Sources */ = {isa = PBXBuildFile; fileRef = 3AEDEA5A18AE221D0093946D /* XDGitDeckViewController.m */; };
		3AEDEA5E18AE22570093946D /* XDRootViewController.m in Sources */ = {isa = PBXBuildFile; fileRef = 3AEDEA5D18AE22570093946D /* XDRootViewController.m */; };
		3C1619101A3EF05B0052A559 /* XDOauthViewController.m in Sources */ = {isa = PBXBuildFile; fileRef = 3C16190F1A3EF05B0052A559 /* XDOauthViewController.m */; };
		3C20593F1A383F2400CE3299 /* SystemConfiguration.framework in Frameworks */ = {isa = PBXBuildFile; fileRef = 3C20593E1A383F2400CE3299 /* SystemConfiguration.framework */; };
		3C2059411A383F4B00CE3299 /* MobileCoreServices.framework in Frameworks */ = {isa = PBXBuildFile; fileRef = 3C2059401A383F4B00CE3299 /* MobileCoreServices.framework */; };
		3C2D35B41A3A88D7000E0FFB /* AFHTTPRequestOperation.m in Sources */ = {isa = PBXBuildFile; fileRef = 3C2D35901A3A88D7000E0FFB /* AFHTTPRequestOperation.m */; };
		3C2D35B51A3A88D7000E0FFB /* AFHTTPRequestOperationManager.m in Sources */ = {isa = PBXBuildFile; fileRef = 3C2D35921A3A88D7000E0FFB /* AFHTTPRequestOperationManager.m */; };
		3C2D35B61A3A88D7000E0FFB /* AFHTTPSessionManager.m in Sources */ = {isa = PBXBuildFile; fileRef = 3C2D35941A3A88D7000E0FFB /* AFHTTPSessionManager.m */; };
		3C2D35B71A3A88D7000E0FFB /* AFNetworkReachabilityManager.m in Sources */ = {isa = PBXBuildFile; fileRef = 3C2D35971A3A88D7000E0FFB /* AFNetworkReachabilityManager.m */; };
		3C2D35B81A3A88D7000E0FFB /* AFSecurityPolicy.m in Sources */ = {isa = PBXBuildFile; fileRef = 3C2D35991A3A88D7000E0FFB /* AFSecurityPolicy.m */; };
		3C2D35B91A3A88D7000E0FFB /* AFURLConnectionOperation.m in Sources */ = {isa = PBXBuildFile; fileRef = 3C2D359B1A3A88D7000E0FFB /* AFURLConnectionOperation.m */; };
		3C2D35BA1A3A88D7000E0FFB /* AFURLRequestSerialization.m in Sources */ = {isa = PBXBuildFile; fileRef = 3C2D359D1A3A88D7000E0FFB /* AFURLRequestSerialization.m */; };
		3C2D35BB1A3A88D7000E0FFB /* AFURLResponseSerialization.m in Sources */ = {isa = PBXBuildFile; fileRef = 3C2D359F1A3A88D7000E0FFB /* AFURLResponseSerialization.m */; };
		3C2D35BC1A3A88D7000E0FFB /* AFURLSessionManager.m in Sources */ = {isa = PBXBuildFile; fileRef = 3C2D35A11A3A88D7000E0FFB /* AFURLSessionManager.m */; };
		3C2D35BD1A3A88D7000E0FFB /* AFNetworkActivityIndicatorManager.m in Sources */ = {isa = PBXBuildFile; fileRef = 3C2D35A41A3A88D7000E0FFB /* AFNetworkActivityIndicatorManager.m */; };
		3C2D35BE1A3A88D7000E0FFB /* UIActivityIndicatorView+AFNetworking.m in Sources */ = {isa = PBXBuildFile; fileRef = 3C2D35A61A3A88D7000E0FFB /* UIActivityIndicatorView+AFNetworking.m */; };
		3C2D35BF1A3A88D7000E0FFB /* UIAlertView+AFNetworking.m in Sources */ = {isa = PBXBuildFile; fileRef = 3C2D35A81A3A88D7000E0FFB /* UIAlertView+AFNetworking.m */; };
		3C2D35C01A3A88D7000E0FFB /* UIButton+AFNetworking.m in Sources */ = {isa = PBXBuildFile; fileRef = 3C2D35AA1A3A88D7000E0FFB /* UIButton+AFNetworking.m */; };
		3C2D35C11A3A88D7000E0FFB /* UIImageView+AFNetworking.m in Sources */ = {isa = PBXBuildFile; fileRef = 3C2D35AC1A3A88D7000E0FFB /* UIImageView+AFNetworking.m */; };
		3C2D35C21A3A88D7000E0FFB /* UIProgressView+AFNetworking.m in Sources */ = {isa = PBXBuildFile; fileRef = 3C2D35AF1A3A88D7000E0FFB /* UIProgressView+AFNetworking.m */; };
		3C2D35C31A3A88D7000E0FFB /* UIRefreshControl+AFNetworking.m in Sources */ = {isa = PBXBuildFile; fileRef = 3C2D35B11A3A88D7000E0FFB /* UIRefreshControl+AFNetworking.m */; };
		3C2D35C41A3A88D7000E0FFB /* UIWebView+AFNetworking.m in Sources */ = {isa = PBXBuildFile; fileRef = 3C2D35B31A3A88D7000E0FFB /* UIWebView+AFNetworking.m */; };
		3C2DF4FB1A396F550034A688 /* AppConfigModel.m in Sources */ = {isa = PBXBuildFile; fileRef = 3C2DF4FA1A396F550034A688 /* AppConfigModel.m */; };
		3C35293A1A41996700D88E09 /* XDEventsViewController.m in Sources */ = {isa = PBXBuildFile; fileRef = 3C3529391A41996700D88E09 /* XDEventsViewController.m */; };
		3C35293D1A41999F00D88E09 /* XDNotificationsViewController.m in Sources */ = {isa = PBXBuildFile; fileRef = 3C35293C1A41999F00D88E09 /* XDNotificationsViewController.m */; };
		3C3529441A4199F700D88E09 /* XDFollowerViewController.m in Sources */ = {isa = PBXBuildFile; fileRef = 3C3529411A4199F700D88E09 /* XDFollowerViewController.m */; };
		3C3529451A4199F700D88E09 /* XDFollowingViewController.m in Sources */ = {isa = PBXBuildFile; fileRef = 3C3529431A4199F700D88E09 /* XDFollowingViewController.m */; };
		3CA4F00718B2401F006C28BF /* XDConfigManager.m in Sources */ = {isa = PBXBuildFile; fileRef = 3CA4F00618B2401F006C28BF /* XDConfigManager.m */; };
		3CA4F00D18B25298006C28BF /* AccountModel.m in Sources */ = {isa = PBXBuildFile; fileRef = 3CA4F00C18B25298006C28BF /* AccountModel.m */; };
/* End PBXBuildFile section */

/* Begin PBXContainerItemProxy section */
		3AEDE96918ADF5A90093946D /* PBXContainerItemProxy */ = {
			isa = PBXContainerItemProxy;
			containerPortal = 3AEDE94118ADF5A90093946D /* Project object */;
			proxyType = 1;
			remoteGlobalIDString = 3AEDE94818ADF5A90093946D;
			remoteInfo = XDGitClient;
		};
/* End PBXContainerItemProxy section */

/* Begin PBXFileReference section */
		3A3279D518B704B90031A0A7 /* fork@2x.png */ = {isa = PBXFileReference; lastKnownFileType = image.png; path = "fork@2x.png"; sourceTree = "<group>"; };
		3A3279D618B704B90031A0A7 /* star@2x.png */ = {isa = PBXFileReference; lastKnownFileType = image.png; path = "star@2x.png"; sourceTree = "<group>"; };
		3A3279D718B704B90031A0A7 /* starred@2x.png */ = {isa = PBXFileReference; lastKnownFileType = image.png; path = "starred@2x.png"; sourceTree = "<group>"; };
		3A3279DC18B705050031A0A7 /* tab_all@2x.png */ = {isa = PBXFileReference; lastKnownFileType = image.png; path = "tab_all@2x.png"; sourceTree = "<group>"; };
		3A3279DD18B705050031A0A7 /* tab_allSelect@2x.png */ = {isa = PBXFileReference; lastKnownFileType = image.png; path = "tab_allSelect@2x.png"; sourceTree = "<group>"; };
		3A3279E018B705BC0031A0A7 /* fork40@2x.png */ = {isa = PBXFileReference; lastKnownFileType = image.png; path = "fork40@2x.png"; sourceTree = "<group>"; };
		3A3279E118B705BC0031A0A7 /* star40@2x.png */ = {isa = PBXFileReference; lastKnownFileType = image.png; path = "star40@2x.png"; sourceTree = "<group>"; };
		3A3279E218B705BC0031A0A7 /* starred40@2x.png */ = {isa = PBXFileReference; lastKnownFileType = image.png; path = "starred40@2x.png"; sourceTree = "<group>"; };
		3A3279E618B721100031A0A7 /* XDRepoCardViewController.h */ = {isa = PBXFileReference; fileEncoding = 4; lastKnownFileType = sourcecode.c.h; path = XDRepoCardViewController.h; sourceTree = "<group>"; };
		3A3279E718B721100031A0A7 /* XDRepoCardViewController.m */ = {isa = PBXFileReference; fileEncoding = 4; lastKnownFileType = sourcecode.c.objc; path = XDRepoCardViewController.m; sourceTree = "<group>"; };
		3A3279E918B721810031A0A7 /* repoCard.plist */ = {isa = PBXFileReference; fileEncoding = 4; lastKnownFileType = text.plist.xml; path = repoCard.plist; sourceTree = "<group>"; };
		3A3279EB18B74E700031A0A7 /* XDAccountViewController.h */ = {isa = PBXFileReference; fileEncoding = 4; lastKnownFileType = sourcecode.c.h; path = XDAccountViewController.h; sourceTree = "<group>"; };
		3A3279EC18B74E700031A0A7 /* XDAccountViewController.m */ = {isa = PBXFileReference; fileEncoding = 4; lastKnownFileType = sourcecode.c.objc; path = XDAccountViewController.m; sourceTree = "<group>"; };
		3A3279EE18B750A60031A0A7 /* XDStargazersViewController.h */ = {isa = PBXFileReference; fileEncoding = 4; lastKnownFileType = sourcecode.c.h; path = XDStargazersViewController.h; sourceTree = "<group>"; };
		3A3279EF18B750A60031A0A7 /* XDStargazersViewController.m */ = {isa = PBXFileReference; fileEncoding = 4; lastKnownFileType = sourcecode.c.objc; path = XDStargazersViewController.m; sourceTree = "<group>"; };
		3A3279F118B7513A0031A0A7 /* XDForkersViewController.h */ = {isa = PBXFileReference; fileEncoding = 4; lastKnownFileType = sourcecode.c.h; path = XDForkersViewController.h; sourceTree = "<group>"; };
		3A3279F218B7513A0031A0A7 /* XDForkersViewController.m */ = {isa = PBXFileReference; fileEncoding = 4; lastKnownFileType = sourcecode.c.objc; path = XDForkersViewController.m; sourceTree = "<group>"; };
		3A3279F418B758510031A0A7 /* XDWatchersViewController.h */ = {isa = PBXFileReference; fileEncoding = 4; lastKnownFileType = sourcecode.c.h; path = XDWatchersViewController.h; sourceTree = "<group>"; };
		3A3279F518B758510031A0A7 /* XDWatchersViewController.m */ = {isa = PBXFileReference; fileEncoding = 4; lastKnownFileType = sourcecode.c.objc; path = XDWatchersViewController.m; sourceTree = "<group>"; };
		3A373AD418BB439700E57345 /* PullRequestModel.h */ = {isa = PBXFileReference; fileEncoding = 4; lastKnownFileType = sourcecode.c.h; path = PullRequestModel.h; sourceTree = "<group>"; };
		3A373AD518BB439700E57345 /* PullRequestModel.m */ = {isa = PBXFileReference; fileEncoding = 4; lastKnownFileType = sourcecode.c.objc; path = PullRequestModel.m; sourceTree = "<group>"; };
		3A373AD718BB440800E57345 /* NSDictionary+Category.h */ = {isa = PBXFileReference; fileEncoding = 4; lastKnownFileType = sourcecode.c.h; path = "NSDictionary+Category.h"; sourceTree = "<group>"; };
		3A373AD818BB440800E57345 /* NSDictionary+Category.m */ = {isa = PBXFileReference; fileEncoding = 4; lastKnownFileType = sourcecode.c.objc; path = "NSDictionary+Category.m"; sourceTree = "<group>"; };
		3A373AD918BB440800E57345 /* NSMutableDictionary+nilObject.h */ = {isa = PBXFileReference; fileEncoding = 4; lastKnownFileType = sourcecode.c.h; path = "NSMutableDictionary+nilObject.h"; sourceTree = "<group>"; };
		3A373ADA18BB440800E57345 /* NSMutableDictionary+nilObject.m */ = {isa = PBXFileReference; fileEncoding = 4; lastKnownFileType = sourcecode.c.objc; path = "NSMutableDictionary+nilObject.m"; sourceTree = "<group>"; };
		3A373ADE18BB48D200E57345 /* XDPullRequestsViewController.h */ = {isa = PBXFileReference; fileEncoding = 4; lastKnownFileType = sourcecode.c.h; path = XDPullRequestsViewController.h; sourceTree = "<group>"; };
		3A373ADF18BB48D200E57345 /* XDPullRequestsViewController.m */ = {isa = PBXFileReference; fileEncoding = 4; lastKnownFileType = sourcecode.c.objc; path = XDPullRequestsViewController.m; sourceTree = "<group>"; };
		3A373AE118BB491E00E57345 /* XDPullRequestCell.h */ = {isa = PBXFileReference; fileEncoding = 4; lastKnownFileType = sourcecode.c.h; path = XDPullRequestCell.h; sourceTree = "<group>"; };
		3A373AE218BB491E00E57345 /* XDPullRequestCell.m */ = {isa = PBXFileReference; fileEncoding = 4; lastKnownFileType = sourcecode.c.objc; path = XDPullRequestCell.m; sourceTree = "<group>"; };
		3A47A4D918B45504001C76C0 /* XDLoadingView.h */ = {isa = PBXFileReference; fileEncoding = 4; lastKnownFileType = sourcecode.c.h; path = XDLoadingView.h; sourceTree = "<group>"; };
		3A47A4DA18B45504001C76C0 /* XDLoadingView.m */ = {isa = PBXFileReference; fileEncoding = 4; lastKnownFileType = sourcecode.c.objc; path = XDLoadingView.m; sourceTree = "<group>"; };
		3A47A4DF18B45504001C76C0 /* XDTabBarItem.h */ = {isa = PBXFileReference; fileEncoding = 4; lastKnownFileType = sourcecode.c.h; path = XDTabBarItem.h; sourceTree = "<group>"; };
		3A47A4E018B45504001C76C0 /* XDTabBarItem.m */ = {isa = PBXFileReference; fileEncoding = 4; lastKnownFileType = sourcecode.c.objc; path = XDTabBarItem.m; sourceTree = "<group>"; };
		3A47A4E518B45527001C76C0 /* XDActivityIndicatorView.h */ = {isa = PBXFileReference; fileEncoding = 4; lastKnownFileType = sourcecode.c.h; path = XDActivityIndicatorView.h; sourceTree = "<group>"; };
		3A47A4E618B45527001C76C0 /* XDActivityIndicatorView.m */ = {isa = PBXFileReference; fileEncoding = 4; lastKnownFileType = sourcecode.c.objc; path = XDActivityIndicatorView.m; sourceTree = "<group>"; };
		3A47A4EE18B462FE001C76C0 /* login_input_bg@2x.png */ = {isa = PBXFileReference; lastKnownFileType = image.png; path = "login_input_bg@2x.png"; sourceTree = "<group>"; };
		3A47A4EF18B462FE001C76C0 /* login_separator@2x.png */ = {isa = PBXFileReference; lastKnownFileType = image.png; path = "login_separator@2x.png"; sourceTree = "<group>"; };
		3A47A4F018B462FE001C76C0 /* rectangle_checked.png */ = {isa = PBXFileReference; lastKnownFileType = image.png; path = rectangle_checked.png; sourceTree = "<group>"; };
		3A47A4F118B462FE001C76C0 /* rectangle_checked@2x.png */ = {isa = PBXFileReference; lastKnownFileType = image.png; path = "rectangle_checked@2x.png"; sourceTree = "<group>"; };
		3A47A4F218B462FE001C76C0 /* rectangle_uncheck.png */ = {isa = PBXFileReference; lastKnownFileType = image.png; path = rectangle_uncheck.png; sourceTree = "<group>"; };
		3A47A4F318B462FE001C76C0 /* rectangle_uncheck@2x.png */ = {isa = PBXFileReference; lastKnownFileType = image.png; path = "rectangle_uncheck@2x.png"; sourceTree = "<group>"; };
		3A47A4F418B462FE001C76C0 /* userHeaderDefault_30@2x.png */ = {isa = PBXFileReference; lastKnownFileType = image.png; path = "userHeaderDefault_30@2x.png"; sourceTree = "<group>"; };
		3A47A4F518B462FE001C76C0 /* button_bg_blue@2x.png */ = {isa = PBXFileReference; lastKnownFileType = image.png; path = "button_bg_blue@2x.png"; sourceTree = "<group>"; };
		3A47A4F618B462FE001C76C0 /* button_bg_green@2x.png */ = {isa = PBXFileReference; lastKnownFileType = image.png; path = "button_bg_green@2x.png"; sourceTree = "<group>"; };
		3A47A4F718B462FE001C76C0 /* button_bg_red@2x.png */ = {isa = PBXFileReference; lastKnownFileType = image.png; path = "button_bg_red@2x.png"; sourceTree = "<group>"; };
		3A47A4F918B462FE001C76C0 /* navi_bg@2x.png */ = {isa = PBXFileReference; lastKnownFileType = image.png; path = "navi_bg@2x.png"; sourceTree = "<group>"; };
		3A47A4FA18B462FE001C76C0 /* navi_bg_i7@2x.png */ = {isa = PBXFileReference; lastKnownFileType = image.png; path = "navi_bg_i7@2x.png"; sourceTree = "<group>"; };
		3A47A4FB18B462FE001C76C0 /* navi_bg_prompt@2x.png */ = {isa = PBXFileReference; lastKnownFileType = image.png; path = "navi_bg_prompt@2x.png"; sourceTree = "<group>"; };
		3A47A4FC18B462FE001C76C0 /* navi_bg_prompt_i7@2x.png */ = {isa = PBXFileReference; lastKnownFileType = image.png; path = "navi_bg_prompt_i7@2x.png"; sourceTree = "<group>"; };
		3A47A4FD18B462FE001C76C0 /* navi_settingBlue@2x.png */ = {isa = PBXFileReference; lastKnownFileType = image.png; path = "navi_settingBlue@2x.png"; sourceTree = "<group>"; };
		3A47A4FE18B462FE001C76C0 /* navi_settingWhite@2x.png */ = {isa = PBXFileReference; lastKnownFileType = image.png; path = "navi_settingWhite@2x.png"; sourceTree = "<group>"; };
		3A47A50018B462FE001C76C0 /* side_menu@2x.png */ = {isa = PBXFileReference; lastKnownFileType = image.png; path = "side_menu@2x.png"; sourceTree = "<group>"; };
		3A47A50118B462FE001C76C0 /* side_copy@2x.png */ = {isa = PBXFileReference; lastKnownFileType = image.png; path = "side_copy@2x.png"; sourceTree = "<group>"; };
		3A47A50218B462FE001C76C0 /* side_own@2x.png */ = {isa = PBXFileReference; lastKnownFileType = image.png; path = "side_own@2x.png"; sourceTree = "<group>"; };
		3A4B77A718B2140D00A94D47 /* sideSource.plist */ = {isa = PBXFileReference; fileEncoding = 4; lastKnownFileType = text.plist.xml; path = sideSource.plist; sourceTree = "<group>"; };
		3A8F89E418B4B71200924CDE /* accountCard.plist */ = {isa = PBXFileReference; fileEncoding = 4; lastKnownFileType = text.plist.xml; path = accountCard.plist; sourceTree = "<group>"; };
		3AA4F02D18B5977600E8E1BA /* UIButton+AsyncImage.h */ = {isa = PBXFileReference; fileEncoding = 4; lastKnownFileType = sourcecode.c.h; path = "UIButton+AsyncImage.h"; sourceTree = "<group>"; };
		3AA4F02E18B5977600E8E1BA /* UIButton+AsyncImage.m */ = {isa = PBXFileReference; fileEncoding = 4; lastKnownFileType = sourcecode.c.objc; path = "UIButton+AsyncImage.m"; sourceTree = "<group>"; };
		3AA4F03118B5CC9100E8E1BA /* XDGitsViewController.h */ = {isa = PBXFileReference; fileEncoding = 4; lastKnownFileType = sourcecode.c.h; path = XDGitsViewController.h; sourceTree = "<group>"; };
		3AA4F03218B5CC9100E8E1BA /* XDGitsViewController.m */ = {isa = PBXFileReference; fileEncoding = 4; lastKnownFileType = sourcecode.c.objc; path = XDGitsViewController.m; sourceTree = "<group>"; };
		3AA4F03418B5D27000E8E1BA /* GitModel.h */ = {isa = PBXFileReference; fileEncoding = 4; lastKnownFileType = sourcecode.c.h; path = GitModel.h; sourceTree = "<group>"; };
		3AA4F03518B5D27000E8E1BA /* GitModel.m */ = {isa = PBXFileReference; fileEncoding = 4; lastKnownFileType = sourcecode.c.objc; path = GitModel.m; sourceTree = "<group>"; };
		3AA4F03718B5D36000E8E1BA /* FileModel.h */ = {isa = PBXFileReference; fileEncoding = 4; lastKnownFileType = sourcecode.c.h; path = FileModel.h; sourceTree = "<group>"; };
		3AA4F03818B5D36000E8E1BA /* FileModel.m */ = {isa = PBXFileReference; fileEncoding = 4; lastKnownFileType = sourcecode.c.objc; path = FileModel.m; sourceTree = "<group>"; };
		3AA4F03A18B5DBC500E8E1BA /* XDRepositoryCell.h */ = {isa = PBXFileReference; fileEncoding = 4; lastKnownFileType = sourcecode.c.h; path = XDRepositoryCell.h; sourceTree = "<group>"; };
		3AA4F03B18B5DBC500E8E1BA /* XDRepositoryCell.m */ = {isa = PBXFileReference; fileEncoding = 4; lastKnownFileType = sourcecode.c.objc; path = XDRepositoryCell.m; sourceTree = "<group>"; };
		3AA4F04018B5DCB900E8E1BA /* XDBaseModel.h */ = {isa = PBXFileReference; fileEncoding = 4; lastKnownFileType = sourcecode.c.h; path = XDBaseModel.h; sourceTree = "<group>"; };
		3AA4F04118B5DCB900E8E1BA /* XDBaseModel.m */ = {isa = PBXFileReference; fileEncoding = 4; lastKnownFileType = sourcecode.c.objc; path = XDBaseModel.m; sourceTree = "<group>"; };
		3AA4F04418B5DD2F00E8E1BA /* XDModelProtocol.h */ = {isa = PBXFileReference; fileEncoding = 4; lastKnownFileType = sourcecode.c.h; path = XDModelProtocol.h; sourceTree = "<group>"; };
		3AA4F04518B5DD2F00E8E1BA /* XDTableViewModelCellProtocol.h */ = {isa = PBXFileReference; fileEncoding = 4; lastKnownFileType = sourcecode.c.h; path = XDTableViewModelCellProtocol.h; sourceTree = "<group>"; };
		3AA8010118B2F62B00F8450B /* XDTableViewCell.h */ = {isa = PBXFileReference; fileEncoding = 4; lastKnownFileType = sourcecode.c.h; path = XDTableViewCell.h; sourceTree = "<group>"; };
		3AA8010218B2F62B00F8450B /* XDTableViewCell.m */ = {isa = PBXFileReference; fileEncoding = 4; lastKnownFileType = sourcecode.c.objc; path = XDTableViewCell.m; sourceTree = "<group>"; };
		3AA8010E18B323CE00F8450B /* XDGithubEngine.h */ = {isa = PBXFileReference; fileEncoding = 4; lastKnownFileType = sourcecode.c.h; path = XDGithubEngine.h; sourceTree = "<group>"; };
		3AA8010F18B323CE00F8450B /* XDGithubEngine.m */ = {isa = PBXFileReference; fileEncoding = 4; lastKnownFileType = sourcecode.c.objc; path = XDGithubEngine.m; sourceTree = "<group>"; };
		3AA8011418B32A9F00F8450B /* XDGitEngineRequestTypes.h */ = {isa = PBXFileReference; fileEncoding = 4; lastKnownFileType = sourcecode.c.h; path = XDGitEngineRequestTypes.h; sourceTree = "<group>"; };
		3AA8011C18B3460200F8450B /* NSData+Category.h */ = {isa = PBXFileReference; fileEncoding = 4; lastKnownFileType = sourcecode.c.h; path = "NSData+Category.h"; sourceTree = "<group>"; };
		3AA8011D18B3460200F8450B /* NSData+Category.m */ = {isa = PBXFileReference; fileEncoding = 4; lastKnownFileType = sourcecode.c.objc; path = "NSData+Category.m"; sourceTree = "<group>"; };
		3AA8011E18B3460200F8450B /* NSString+Category.h */ = {isa = PBXFileReference; fileEncoding = 4; lastKnownFileType = sourcecode.c.h; path = "NSString+Category.h"; sourceTree = "<group>"; };
		3AA8011F18B3460200F8450B /* NSString+Category.m */ = {isa = PBXFileReference; fileEncoding = 4; lastKnownFileType = sourcecode.c.objc; path = "NSString+Category.m"; sourceTree = "<group>"; };
		3AA8012318B3532D00F8450B /* XDRepositoryViewController.h */ = {isa = PBXFileReference; fileEncoding = 4; lastKnownFileType = sourcecode.c.h; path = XDRepositoryViewController.h; sourceTree = "<group>"; };
		3AA8012418B3532D00F8450B /* XDRepositoryViewController.m */ = {isa = PBXFileReference; fileEncoding = 4; lastKnownFileType = sourcecode.c.objc; path = XDRepositoryViewController.m; sourceTree = "<group>"; };
		3AA8012618B3554A00F8450B /* RepositoryModel.h */ = {isa = PBXFileReference; fileEncoding = 4; lastKnownFileType = sourcecode.c.h; path = RepositoryModel.h; sourceTree = "<group>"; };
		3AA8012718B3554A00F8450B /* RepositoryModel.m */ = {isa = PBXFileReference; fileEncoding = 4; lastKnownFileType = sourcecode.c.objc; path = RepositoryModel.m; sourceTree = "<group>"; };
		3AA8012918B35B9B00F8450B /* XDTabBarController.h */ = {isa = PBXFileReference; fileEncoding = 4; lastKnownFileType = sourcecode.c.h; path = XDTabBarController.h; sourceTree = "<group>"; };
		3AA8012A18B35B9B00F8450B /* XDTabBarController.m */ = {isa = PBXFileReference; fileEncoding = 4; lastKnownFileType = sourcecode.c.objc; path = XDTabBarController.m; sourceTree = "<group>"; };
		3AA8013118B3691700F8450B /* XDAccountCardViewController.h */ = {isa = PBXFileReference; fileEncoding = 4; lastKnownFileType = sourcecode.c.h; path = XDAccountCardViewController.h; sourceTree = "<group>"; };
		3AA8013218B3691700F8450B /* XDAccountCardViewController.m */ = {isa = PBXFileReference; fileEncoding = 4; lastKnownFileType = sourcecode.c.objc; path = XDAccountCardViewController.m; sourceTree = "<group>"; };
		3AEDE94918ADF5A90093946D /* XDGitClient.app */ = {isa = PBXFileReference; explicitFileType = wrapper.application; includeInIndex = 0; path = XDGitClient.app; sourceTree = BUILT_PRODUCTS_DIR; };
		3AEDE94C18ADF5A90093946D /* Foundation.framework */ = {isa = PBXFileReference; lastKnownFileType = wrapper.framework; name = Foundation.framework; path = System/Library/Frameworks/Foundation.framework; sourceTree = SDKROOT; };
		3AEDE94E18ADF5A90093946D /* CoreGraphics.framework */ = {isa = PBXFileReference; lastKnownFileType = wrapper.framework; name = CoreGraphics.framework; path = System/Library/Frameworks/CoreGraphics.framework; sourceTree = SDKROOT; };
		3AEDE95018ADF5A90093946D /* UIKit.framework */ = {isa = PBXFileReference; lastKnownFileType = wrapper.framework; name = UIKit.framework; path = System/Library/Frameworks/UIKit.framework; sourceTree = SDKROOT; };
		3AEDE95418ADF5A90093946D /* XDGitClient-Info.plist */ = {isa = PBXFileReference; lastKnownFileType = text.plist.xml; path = "XDGitClient-Info.plist"; sourceTree = "<group>"; };
		3AEDE95618ADF5A90093946D /* en */ = {isa = PBXFileReference; lastKnownFileType = text.plist.strings; name = en; path = en.lproj/InfoPlist.strings; sourceTree = "<group>"; };
		3AEDE95818ADF5A90093946D /* main.m */ = {isa = PBXFileReference; lastKnownFileType = sourcecode.c.objc; path = main.m; sourceTree = "<group>"; };
		3AEDE95A18ADF5A90093946D /* XDGitClient-Prefix.pch */ = {isa = PBXFileReference; lastKnownFileType = sourcecode.c.h; path = "XDGitClient-Prefix.pch"; sourceTree = "<group>"; };
		3AEDE95E18ADF5A90093946D /* Images.xcassets */ = {isa = PBXFileReference; lastKnownFileType = folder.assetcatalog; path = Images.xcassets; sourceTree = "<group>"; };
		3AEDE96418ADF5A90093946D /* XDGitClientTests.xctest */ = {isa = PBXFileReference; explicitFileType = wrapper.cfbundle; includeInIndex = 0; path = XDGitClientTests.xctest; sourceTree = BUILT_PRODUCTS_DIR; };
		3AEDE96518ADF5A90093946D /* XCTest.framework */ = {isa = PBXFileReference; lastKnownFileType = wrapper.framework; name = XCTest.framework; path = Library/Frameworks/XCTest.framework; sourceTree = DEVELOPER_DIR; };
		3AEDE98418ADFD370093946D /* XDAppDelegate.h */ = {isa = PBXFileReference; fileEncoding = 4; lastKnownFileType = sourcecode.c.h; path = XDAppDelegate.h; sourceTree = "<group>"; };
		3AEDE98518ADFD380093946D /* XDAppDelegate.m */ = {isa = PBXFileReference; fileEncoding = 4; lastKnownFileType = sourcecode.c.objc; path = XDAppDelegate.m; sourceTree = "<group>"; };
		3AEDE99A18ADFF1A0093946D /* XDViewController.h */ = {isa = PBXFileReference; fileEncoding = 4; lastKnownFileType = sourcecode.c.h; path = XDViewController.h; sourceTree = "<group>"; };
		3AEDE99B18ADFF1A0093946D /* XDViewController.m */ = {isa = PBXFileReference; fileEncoding = 4; lastKnownFileType = sourcecode.c.objc; path = XDViewController.m; sourceTree = "<group>"; };
		3AEDE9A118ADFF1A0093946D /* XDViewManager.h */ = {isa = PBXFileReference; fileEncoding = 4; lastKnownFileType = sourcecode.c.h; path = XDViewManager.h; sourceTree = "<group>"; };
		3AEDE9A218ADFF1A0093946D /* XDViewManager.m */ = {isa = PBXFileReference; fileEncoding = 4; lastKnownFileType = sourcecode.c.objc; path = XDViewManager.m; sourceTree = "<group>"; };
		3AEDEA0D18AE17450093946D /* NRGridConstants.h */ = {isa = PBXFileReference; fileEncoding = 4; lastKnownFileType = sourcecode.c.h; path = NRGridConstants.h; sourceTree = "<group>"; };
		3AEDEA0E18AE17450093946D /* NRGridView.h */ = {isa = PBXFileReference; fileEncoding = 4; lastKnownFileType = sourcecode.c.h; path = NRGridView.h; sourceTree = "<group>"; };
		3AEDEA0F18AE17450093946D /* NRGridView.m */ = {isa = PBXFileReference; fileEncoding = 4; lastKnownFileType = sourcecode.c.objc; path = NRGridView.m; sourceTree = "<group>"; };
		3AEDEA1018AE17450093946D /* NRGridViewCell.h */ = {isa = PBXFileReference; fileEncoding = 4; lastKnownFileType = sourcecode.c.h; path = NRGridViewCell.h; sourceTree = "<group>"; };
		3AEDEA1118AE17450093946D /* NRGridViewCell.m */ = {isa = PBXFileReference; fileEncoding = 4; lastKnownFileType = sourcecode.c.objc; path = NRGridViewCell.m; sourceTree = "<group>"; };
		3AEDEA1218AE17450093946D /* NRGridViewDataSource.h */ = {isa = PBXFileReference; fileEncoding = 4; lastKnownFileType = sourcecode.c.h; path = NRGridViewDataSource.h; sourceTree = "<group>"; };
		3AEDEA1318AE17450093946D /* NRGridViewDelegate.h */ = {isa = PBXFileReference; fileEncoding = 4; lastKnownFileType = sourcecode.c.h; path = NRGridViewDelegate.h; sourceTree = "<group>"; };
		3AEDEA1518AE17450093946D /* SVPullToRefresh.h */ = {isa = PBXFileReference; fileEncoding = 4; lastKnownFileType = sourcecode.c.h; path = SVPullToRefresh.h; sourceTree = "<group>"; };
		3AEDEA1618AE17450093946D /* UIScrollView+SVInfiniteScrolling.h */ = {isa = PBXFileReference; fileEncoding = 4; lastKnownFileType = sourcecode.c.h; path = "UIScrollView+SVInfiniteScrolling.h"; sourceTree = "<group>"; };
		3AEDEA1718AE17450093946D /* UIScrollView+SVInfiniteScrolling.m */ = {isa = PBXFileReference; fileEncoding = 4; lastKnownFileType = sourcecode.c.objc; path = "UIScrollView+SVInfiniteScrolling.m"; sourceTree = "<group>"; };
		3AEDEA1818AE17450093946D /* UIScrollView+SVPullToRefresh.h */ = {isa = PBXFileReference; fileEncoding = 4; lastKnownFileType = sourcecode.c.h; path = "UIScrollView+SVPullToRefresh.h"; sourceTree = "<group>"; };
		3AEDEA1918AE17450093946D /* UIScrollView+SVPullToRefresh.m */ = {isa = PBXFileReference; fileEncoding = 4; lastKnownFileType = sourcecode.c.objc; path = "UIScrollView+SVPullToRefresh.m"; sourceTree = "<group>"; };
		3AEDEA4718AE1D930093946D /* XDTableViewController.h */ = {isa = PBXFileReference; fileEncoding = 4; lastKnownFileType = sourcecode.c.h; path = XDTableViewController.h; sourceTree = "<group>"; };
		3AEDEA4818AE1D930093946D /* XDTableViewController.m */ = {isa = PBXFileReference; fileEncoding = 4; lastKnownFileType = sourcecode.c.objc; path = XDTableViewController.m; sourceTree = "<group>"; };
		3AEDEA4D18AE20D10093946D /* IISideController.h */ = {isa = PBXFileReference; fileEncoding = 4; lastKnownFileType = sourcecode.c.h; path = IISideController.h; sourceTree = "<group>"; };
		3AEDEA4E18AE20D10093946D /* IISideController.m */ = {isa = PBXFileReference; fileEncoding = 4; lastKnownFileType = sourcecode.c.objc; path = IISideController.m; sourceTree = "<group>"; };
		3AEDEA4F18AE20D10093946D /* IIViewDeckController.h */ = {isa = PBXFileReference; fileEncoding = 4; lastKnownFileType = sourcecode.c.h; path = IIViewDeckController.h; sourceTree = "<group>"; };
		3AEDEA5018AE20D10093946D /* IIViewDeckController.m */ = {isa = PBXFileReference; fileEncoding = 4; lastKnownFileType = sourcecode.c.objc; path = IIViewDeckController.m; sourceTree = "<group>"; };
		3AEDEA5118AE20D10093946D /* IIWrapController.h */ = {isa = PBXFileReference; fileEncoding = 4; lastKnownFileType = sourcecode.c.h; path = IIWrapController.h; sourceTree = "<group>"; };
		3AEDEA5218AE20D10093946D /* IIWrapController.m */ = {isa = PBXFileReference; fileEncoding = 4; lastKnownFileType = sourcecode.c.objc; path = IIWrapController.m; sourceTree = "<group>"; };
		3AEDEA5618AE21B10093946D /* XDGitSideViewController.h */ = {isa = PBXFileReference; fileEncoding = 4; lastKnownFileType = sourcecode.c.h; path = XDGitSideViewController.h; sourceTree = "<group>"; };
		3AEDEA5718AE21B10093946D /* XDGitSideViewController.m */ = {isa = PBXFileReference; fileEncoding = 4; lastKnownFileType = sourcecode.c.objc; path = XDGitSideViewController.m; sourceTree = "<group>"; };
		3AEDEA5918AE221D0093946D /* XDGitDeckViewController.h */ = {isa = PBXFileReference; fileEncoding = 4; lastKnownFileType = sourcecode.c.h; path = XDGitDeckViewController.h; sourceTree = "<group>"; };
		3AEDEA5A18AE221D0093946D /* XDGitDeckViewController.m */ = {isa = PBXFileReference; fileEncoding = 4; lastKnownFileType = sourcecode.c.objc; path = XDGitDeckViewController.m; sourceTree = "<group>"; };
		3AEDEA5C18AE22570093946D /* XDRootViewController.h */ = {isa = PBXFileReference; fileEncoding = 4; lastKnownFileType = sourcecode.c.h; path = XDRootViewController.h; sourceTree = "<group>"; };
		3AEDEA5D18AE22570093946D /* XDRootViewController.m */ = {isa = PBXFileReference; fileEncoding = 4; lastKnownFileType = sourcecode.c.objc; path = XDRootViewController.m; sourceTree = "<group>"; };
		3C1618841A3EDF280052A559 /* XDOauthViewController.h */ = {isa = PBXFileReference; fileEncoding = 4; lastKnownFileType = sourcecode.c.h; path = XDOauthViewController.h; sourceTree = "<group>"; };
		3C16190F1A3EF05B0052A559 /* XDOauthViewController.m */ = {isa = PBXFileReference; fileEncoding = 4; lastKnownFileType = sourcecode.c.objc; path = XDOauthViewController.m; sourceTree = "<group>"; };
		3C20593E1A383F2400CE3299 /* SystemConfiguration.framework */ = {isa = PBXFileReference; lastKnownFileType = wrapper.framework; name = SystemConfiguration.framework; path = System/Library/Frameworks/SystemConfiguration.framework; sourceTree = SDKROOT; };
		3C2059401A383F4B00CE3299 /* MobileCoreServices.framework */ = {isa = PBXFileReference; lastKnownFileType = wrapper.framework; name = MobileCoreServices.framework; path = System/Library/Frameworks/MobileCoreServices.framework; sourceTree = SDKROOT; };
		3C2D358F1A3A88D7000E0FFB /* AFHTTPRequestOperation.h */ = {isa = PBXFileReference; fileEncoding = 4; lastKnownFileType = sourcecode.c.h; path = AFHTTPRequestOperation.h; sourceTree = "<group>"; };
		3C2D35901A3A88D7000E0FFB /* AFHTTPRequestOperation.m */ = {isa = PBXFileReference; fileEncoding = 4; lastKnownFileType = sourcecode.c.objc; path = AFHTTPRequestOperation.m; sourceTree = "<group>"; };
		3C2D35911A3A88D7000E0FFB /* AFHTTPRequestOperationManager.h */ = {isa = PBXFileReference; fileEncoding = 4; lastKnownFileType = sourcecode.c.h; path = AFHTTPRequestOperationManager.h; sourceTree = "<group>"; };
		3C2D35921A3A88D7000E0FFB /* AFHTTPRequestOperationManager.m */ = {isa = PBXFileReference; fileEncoding = 4; lastKnownFileType = sourcecode.c.objc; path = AFHTTPRequestOperationManager.m; sourceTree = "<group>"; };
		3C2D35931A3A88D7000E0FFB /* AFHTTPSessionManager.h */ = {isa = PBXFileReference; fileEncoding = 4; lastKnownFileType = sourcecode.c.h; path = AFHTTPSessionManager.h; sourceTree = "<group>"; };
		3C2D35941A3A88D7000E0FFB /* AFHTTPSessionManager.m */ = {isa = PBXFileReference; fileEncoding = 4; lastKnownFileType = sourcecode.c.objc; path = AFHTTPSessionManager.m; sourceTree = "<group>"; };
		3C2D35951A3A88D7000E0FFB /* AFNetworking.h */ = {isa = PBXFileReference; fileEncoding = 4; lastKnownFileType = sourcecode.c.h; path = AFNetworking.h; sourceTree = "<group>"; };
		3C2D35961A3A88D7000E0FFB /* AFNetworkReachabilityManager.h */ = {isa = PBXFileReference; fileEncoding = 4; lastKnownFileType = sourcecode.c.h; path = AFNetworkReachabilityManager.h; sourceTree = "<group>"; };
		3C2D35971A3A88D7000E0FFB /* AFNetworkReachabilityManager.m */ = {isa = PBXFileReference; fileEncoding = 4; lastKnownFileType = sourcecode.c.objc; path = AFNetworkReachabilityManager.m; sourceTree = "<group>"; };
		3C2D35981A3A88D7000E0FFB /* AFSecurityPolicy.h */ = {isa = PBXFileReference; fileEncoding = 4; lastKnownFileType = sourcecode.c.h; path = AFSecurityPolicy.h; sourceTree = "<group>"; };
		3C2D35991A3A88D7000E0FFB /* AFSecurityPolicy.m */ = {isa = PBXFileReference; fileEncoding = 4; lastKnownFileType = sourcecode.c.objc; path = AFSecurityPolicy.m; sourceTree = "<group>"; };
		3C2D359A1A3A88D7000E0FFB /* AFURLConnectionOperation.h */ = {isa = PBXFileReference; fileEncoding = 4; lastKnownFileType = sourcecode.c.h; path = AFURLConnectionOperation.h; sourceTree = "<group>"; };
		3C2D359B1A3A88D7000E0FFB /* AFURLConnectionOperation.m */ = {isa = PBXFileReference; fileEncoding = 4; lastKnownFileType = sourcecode.c.objc; path = AFURLConnectionOperation.m; sourceTree = "<group>"; };
		3C2D359C1A3A88D7000E0FFB /* AFURLRequestSerialization.h */ = {isa = PBXFileReference; fileEncoding = 4; lastKnownFileType = sourcecode.c.h; path = AFURLRequestSerialization.h; sourceTree = "<group>"; };
		3C2D359D1A3A88D7000E0FFB /* AFURLRequestSerialization.m */ = {isa = PBXFileReference; fileEncoding = 4; lastKnownFileType = sourcecode.c.objc; path = AFURLRequestSerialization.m; sourceTree = "<group>"; };
		3C2D359E1A3A88D7000E0FFB /* AFURLResponseSerialization.h */ = {isa = PBXFileReference; fileEncoding = 4; lastKnownFileType = sourcecode.c.h; path = AFURLResponseSerialization.h; sourceTree = "<group>"; };
		3C2D359F1A3A88D7000E0FFB /* AFURLResponseSerialization.m */ = {isa = PBXFileReference; fileEncoding = 4; lastKnownFileType = sourcecode.c.objc; path = AFURLResponseSerialization.m; sourceTree = "<group>"; };
		3C2D35A01A3A88D7000E0FFB /* AFURLSessionManager.h */ = {isa = PBXFileReference; fileEncoding = 4; lastKnownFileType = sourcecode.c.h; path = AFURLSessionManager.h; sourceTree = "<group>"; };
		3C2D35A11A3A88D7000E0FFB /* AFURLSessionManager.m */ = {isa = PBXFileReference; fileEncoding = 4; lastKnownFileType = sourcecode.c.objc; path = AFURLSessionManager.m; sourceTree = "<group>"; };
		3C2D35A31A3A88D7000E0FFB /* AFNetworkActivityIndicatorManager.h */ = {isa = PBXFileReference; fileEncoding = 4; lastKnownFileType = sourcecode.c.h; path = AFNetworkActivityIndicatorManager.h; sourceTree = "<group>"; };
		3C2D35A41A3A88D7000E0FFB /* AFNetworkActivityIndicatorManager.m */ = {isa = PBXFileReference; fileEncoding = 4; lastKnownFileType = sourcecode.c.objc; path = AFNetworkActivityIndicatorManager.m; sourceTree = "<group>"; };
		3C2D35A51A3A88D7000E0FFB /* UIActivityIndicatorView+AFNetworking.h */ = {isa = PBXFileReference; fileEncoding = 4; lastKnownFileType = sourcecode.c.h; path = "UIActivityIndicatorView+AFNetworking.h"; sourceTree = "<group>"; };
		3C2D35A61A3A88D7000E0FFB /* UIActivityIndicatorView+AFNetworking.m */ = {isa = PBXFileReference; fileEncoding = 4; lastKnownFileType = sourcecode.c.objc; path = "UIActivityIndicatorView+AFNetworking.m"; sourceTree = "<group>"; };
		3C2D35A71A3A88D7000E0FFB /* UIAlertView+AFNetworking.h */ = {isa = PBXFileReference; fileEncoding = 4; lastKnownFileType = sourcecode.c.h; path = "UIAlertView+AFNetworking.h"; sourceTree = "<group>"; };
		3C2D35A81A3A88D7000E0FFB /* UIAlertView+AFNetworking.m */ = {isa = PBXFileReference; fileEncoding = 4; lastKnownFileType = sourcecode.c.objc; path = "UIAlertView+AFNetworking.m"; sourceTree = "<group>"; };
		3C2D35A91A3A88D7000E0FFB /* UIButton+AFNetworking.h */ = {isa = PBXFileReference; fileEncoding = 4; lastKnownFileType = sourcecode.c.h; path = "UIButton+AFNetworking.h"; sourceTree = "<group>"; };
		3C2D35AA1A3A88D7000E0FFB /* UIButton+AFNetworking.m */ = {isa = PBXFileReference; fileEncoding = 4; lastKnownFileType = sourcecode.c.objc; path = "UIButton+AFNetworking.m"; sourceTree = "<group>"; };
		3C2D35AB1A3A88D7000E0FFB /* UIImageView+AFNetworking.h */ = {isa = PBXFileReference; fileEncoding = 4; lastKnownFileType = sourcecode.c.h; path = "UIImageView+AFNetworking.h"; sourceTree = "<group>"; };
		3C2D35AC1A3A88D7000E0FFB /* UIImageView+AFNetworking.m */ = {isa = PBXFileReference; fileEncoding = 4; lastKnownFileType = sourcecode.c.objc; path = "UIImageView+AFNetworking.m"; sourceTree = "<group>"; };
		3C2D35AD1A3A88D7000E0FFB /* UIKit+AFNetworking.h */ = {isa = PBXFileReference; fileEncoding = 4; lastKnownFileType = sourcecode.c.h; path = "UIKit+AFNetworking.h"; sourceTree = "<group>"; };
		3C2D35AE1A3A88D7000E0FFB /* UIProgressView+AFNetworking.h */ = {isa = PBXFileReference; fileEncoding = 4; lastKnownFileType = sourcecode.c.h; path = "UIProgressView+AFNetworking.h"; sourceTree = "<group>"; };
		3C2D35AF1A3A88D7000E0FFB /* UIProgressView+AFNetworking.m */ = {isa = PBXFileReference; fileEncoding = 4; lastKnownFileType = sourcecode.c.objc; path = "UIProgressView+AFNetworking.m"; sourceTree = "<group>"; };
		3C2D35B01A3A88D7000E0FFB /* UIRefreshControl+AFNetworking.h */ = {isa = PBXFileReference; fileEncoding = 4; lastKnownFileType = sourcecode.c.h; path = "UIRefreshControl+AFNetworking.h"; sourceTree = "<group>"; };
		3C2D35B11A3A88D7000E0FFB /* UIRefreshControl+AFNetworking.m */ = {isa = PBXFileReference; fileEncoding = 4; lastKnownFileType = sourcecode.c.objc; path = "UIRefreshControl+AFNetworking.m"; sourceTree = "<group>"; };
		3C2D35B21A3A88D7000E0FFB /* UIWebView+AFNetworking.h */ = {isa = PBXFileReference; fileEncoding = 4; lastKnownFileType = sourcecode.c.h; path = "UIWebView+AFNetworking.h"; sourceTree = "<group>"; };
		3C2D35B31A3A88D7000E0FFB /* UIWebView+AFNetworking.m */ = {isa = PBXFileReference; fileEncoding = 4; lastKnownFileType = sourcecode.c.objc; path = "UIWebView+AFNetworking.m"; sourceTree = "<group>"; };
		3C2DF4F91A396F550034A688 /* AppConfigModel.h */ = {isa = PBXFileReference; fileEncoding = 4; lastKnownFileType = sourcecode.c.h; path = AppConfigModel.h; sourceTree = "<group>"; };
		3C2DF4FA1A396F550034A688 /* AppConfigModel.m */ = {isa = PBXFileReference; fileEncoding = 4; lastKnownFileType = sourcecode.c.objc; path = AppConfigModel.m; sourceTree = "<group>"; };
		3C3529381A41996700D88E09 /* XDEventsViewController.h */ = {isa = PBXFileReference; fileEncoding = 4; lastKnownFileType = sourcecode.c.h; path = XDEventsViewController.h; sourceTree = "<group>"; };
		3C3529391A41996700D88E09 /* XDEventsViewController.m */ = {isa = PBXFileReference; fileEncoding = 4; lastKnownFileType = sourcecode.c.objc; path = XDEventsViewController.m; sourceTree = "<group>"; };
		3C35293B1A41999F00D88E09 /* XDNotificationsViewController.h */ = {isa = PBXFileReference; fileEncoding = 4; lastKnownFileType = sourcecode.c.h; path = XDNotificationsViewController.h; sourceTree = "<group>"; };
		3C35293C1A41999F00D88E09 /* XDNotificationsViewController.m */ = {isa = PBXFileReference; fileEncoding = 4; lastKnownFileType = sourcecode.c.objc; path = XDNotificationsViewController.m; sourceTree = "<group>"; };
		3C3529401A4199F700D88E09 /* XDFollowerViewController.h */ = {isa = PBXFileReference; fileEncoding = 4; lastKnownFileType = sourcecode.c.h; path = XDFollowerViewController.h; sourceTree = "<group>"; };
		3C3529411A4199F700D88E09 /* XDFollowerViewController.m */ = {isa = PBXFileReference; fileEncoding = 4; lastKnownFileType = sourcecode.c.objc; path = XDFollowerViewController.m; sourceTree = "<group>"; };
		3C3529421A4199F700D88E09 /* XDFollowingViewController.h */ = {isa = PBXFileReference; fileEncoding = 4; lastKnownFileType = sourcecode.c.h; path = XDFollowingViewController.h; sourceTree = "<group>"; };
		3C3529431A4199F700D88E09 /* XDFollowingViewController.m */ = {isa = PBXFileReference; fileEncoding = 4; lastKnownFileType = sourcecode.c.objc; path = XDFollowingViewController.m; sourceTree = "<group>"; };
		3CA4F00518B2401F006C28BF /* XDConfigManager.h */ = {isa = PBXFileReference; fileEncoding = 4; lastKnownFileType = sourcecode.c.h; path = XDConfigManager.h; sourceTree = "<group>"; };
		3CA4F00618B2401F006C28BF /* XDConfigManager.m */ = {isa = PBXFileReference; fileEncoding = 4; lastKnownFileType = sourcecode.c.objc; path = XDConfigManager.m; sourceTree = "<group>"; };
		3CA4F00818B24D8C006C28BF /* XDLocalDefine.h */ = {isa = PBXFileReference; fileEncoding = 4; lastKnownFileType = sourcecode.c.h; path = XDLocalDefine.h; sourceTree = "<group>"; };
		3CA4F00B18B25298006C28BF /* AccountModel.h */ = {isa = PBXFileReference; fileEncoding = 4; lastKnownFileType = sourcecode.c.h; path = AccountModel.h; sourceTree = "<group>"; };
		3CA4F00C18B25298006C28BF /* AccountModel.m */ = {isa = PBXFileReference; fileEncoding = 4; lastKnownFileType = sourcecode.c.objc; path = AccountModel.m; sourceTree = "<group>"; };
/* End PBXFileReference section */

/* Begin PBXFrameworksBuildPhase section */
		3AEDE94618ADF5A90093946D /* Frameworks */ = {
			isa = PBXFrameworksBuildPhase;
			buildActionMask = 2147483647;
			files = (
				3C2059411A383F4B00CE3299 /* MobileCoreServices.framework in Frameworks */,
				3C20593F1A383F2400CE3299 /* SystemConfiguration.framework in Frameworks */,
				3AEDE94F18ADF5A90093946D /* CoreGraphics.framework in Frameworks */,
				3AEDE95118ADF5A90093946D /* UIKit.framework in Frameworks */,
				3AEDE94D18ADF5A90093946D /* Foundation.framework in Frameworks */,
			);
			runOnlyForDeploymentPostprocessing = 0;
		};
		3AEDE96118ADF5A90093946D /* Frameworks */ = {
			isa = PBXFrameworksBuildPhase;
			buildActionMask = 2147483647;
			files = (
				3AEDE96618ADF5A90093946D /* XCTest.framework in Frameworks */,
				3AEDE96818ADF5A90093946D /* UIKit.framework in Frameworks */,
				3AEDE96718ADF5A90093946D /* Foundation.framework in Frameworks */,
			);
			runOnlyForDeploymentPostprocessing = 0;
		};
/* End PBXFrameworksBuildPhase section */

/* Begin PBXGroup section */
		3A3279DB18B705050031A0A7 /* Tabbar */ = {
			isa = PBXGroup;
			children = (
				3A3279DC18B705050031A0A7 /* tab_all@2x.png */,
				3A3279DD18B705050031A0A7 /* tab_allSelect@2x.png */,
			);
			path = Tabbar;
			sourceTree = "<group>";
		};
		3A373ADD18BB48D200E57345 /* PullRequest */ = {
			isa = PBXGroup;
			children = (
				3A373ADE18BB48D200E57345 /* XDPullRequestsViewController.h */,
				3A373ADF18BB48D200E57345 /* XDPullRequestsViewController.m */,
				3A373AE118BB491E00E57345 /* XDPullRequestCell.h */,
				3A373AE218BB491E00E57345 /* XDPullRequestCell.m */,
			);
			path = PullRequest;
			sourceTree = "<group>";
		};
		3A47A4D718B45504001C76C0 /* Control */ = {
			isa = PBXGroup;
			children = (
				3A47A4E418B45527001C76C0 /* ActivityIndicatorView */,
				3A47A4D818B45504001C76C0 /* LoadingView */,
				3A47A4DE18B45504001C76C0 /* TabbarItem */,
			);
			path = Control;
			sourceTree = "<group>";
		};
		3A47A4D818B45504001C76C0 /* LoadingView */ = {
			isa = PBXGroup;
			children = (
				3A47A4D918B45504001C76C0 /* XDLoadingView.h */,
				3A47A4DA18B45504001C76C0 /* XDLoadingView.m */,
			);
			path = LoadingView;
			sourceTree = "<group>";
		};
		3A47A4DE18B45504001C76C0 /* TabbarItem */ = {
			isa = PBXGroup;
			children = (
				3A47A4DF18B45504001C76C0 /* XDTabBarItem.h */,
				3A47A4E018B45504001C76C0 /* XDTabBarItem.m */,
			);
			path = TabbarItem;
			sourceTree = "<group>";
		};
		3A47A4E418B45527001C76C0 /* ActivityIndicatorView */ = {
			isa = PBXGroup;
			children = (
				3A47A4E518B45527001C76C0 /* XDActivityIndicatorView.h */,
				3A47A4E618B45527001C76C0 /* XDActivityIndicatorView.m */,
			);
			path = ActivityIndicatorView;
			sourceTree = "<group>";
		};
		3A47A4EC18B462FE001C76C0 /* Images */ = {
			isa = PBXGroup;
			children = (
				3A3279E018B705BC0031A0A7 /* fork40@2x.png */,
				3A3279E118B705BC0031A0A7 /* star40@2x.png */,
				3A3279E218B705BC0031A0A7 /* starred40@2x.png */,
				3A3279DB18B705050031A0A7 /* Tabbar */,
				3A3279D518B704B90031A0A7 /* fork@2x.png */,
				3A3279D618B704B90031A0A7 /* star@2x.png */,
				3A3279D718B704B90031A0A7 /* starred@2x.png */,
				3A47A4ED18B462FE001C76C0 /* Account */,
				3A47A4F518B462FE001C76C0 /* button_bg_blue@2x.png */,
				3A47A4F618B462FE001C76C0 /* button_bg_green@2x.png */,
				3A47A4F718B462FE001C76C0 /* button_bg_red@2x.png */,
				3A47A4F818B462FE001C76C0 /* NavigationBar */,
				3A47A4FF18B462FE001C76C0 /* Side */,
			);
			path = Images;
			sourceTree = "<group>";
		};
		3A47A4ED18B462FE001C76C0 /* Account */ = {
			isa = PBXGroup;
			children = (
				3A47A4EE18B462FE001C76C0 /* login_input_bg@2x.png */,
				3A47A4EF18B462FE001C76C0 /* login_separator@2x.png */,
				3A47A4F018B462FE001C76C0 /* rectangle_checked.png */,
				3A47A4F118B462FE001C76C0 /* rectangle_checked@2x.png */,
				3A47A4F218B462FE001C76C0 /* rectangle_uncheck.png */,
				3A47A4F318B462FE001C76C0 /* rectangle_uncheck@2x.png */,
				3A47A4F418B462FE001C76C0 /* userHeaderDefault_30@2x.png */,
			);
			path = Account;
			sourceTree = "<group>";
		};
		3A47A4F818B462FE001C76C0 /* NavigationBar */ = {
			isa = PBXGroup;
			children = (
				3A47A4F918B462FE001C76C0 /* navi_bg@2x.png */,
				3A47A4FA18B462FE001C76C0 /* navi_bg_i7@2x.png */,
				3A47A4FB18B462FE001C76C0 /* navi_bg_prompt@2x.png */,
				3A47A4FC18B462FE001C76C0 /* navi_bg_prompt_i7@2x.png */,
				3A47A4FD18B462FE001C76C0 /* navi_settingBlue@2x.png */,
				3A47A4FE18B462FE001C76C0 /* navi_settingWhite@2x.png */,
			);
			path = NavigationBar;
			sourceTree = "<group>";
		};
		3A47A4FF18B462FE001C76C0 /* Side */ = {
			isa = PBXGroup;
			children = (
				3A47A50018B462FE001C76C0 /* side_menu@2x.png */,
				3A47A50118B462FE001C76C0 /* side_copy@2x.png */,
				3A47A50218B462FE001C76C0 /* side_own@2x.png */,
			);
			path = Side;
			sourceTree = "<group>";
		};
		3AA4F03018B5CC8300E8E1BA /* Gits */ = {
			isa = PBXGroup;
			children = (
				3AA4F03118B5CC9100E8E1BA /* XDGitsViewController.h */,
				3AA4F03218B5CC9100E8E1BA /* XDGitsViewController.m */,
			);
			path = Gits;
			sourceTree = "<group>";
		};
		3AA4F04318B5DD2F00E8E1BA /* Protocol */ = {
			isa = PBXGroup;
			children = (
				3AA4F04418B5DD2F00E8E1BA /* XDModelProtocol.h */,
				3AA4F04518B5DD2F00E8E1BA /* XDTableViewModelCellProtocol.h */,
			);
			path = Protocol;
			sourceTree = "<group>";
		};
		3AA8010418B2FEA400F8450B /* Activity */ = {
			isa = PBXGroup;
			children = (
				3C3529381A41996700D88E09 /* XDEventsViewController.h */,
				3C3529391A41996700D88E09 /* XDEventsViewController.m */,
				3C35293B1A41999F00D88E09 /* XDNotificationsViewController.h */,
				3C35293C1A41999F00D88E09 /* XDNotificationsViewController.m */,
			);
			path = Activity;
			sourceTree = "<group>";
		};
		3AA8010C18B3228000F8450B /* GitEngine */ = {
			isa = PBXGroup;
			children = (
				3AA8011418B32A9F00F8450B /* XDGitEngineRequestTypes.h */,
				3AA8010E18B323CE00F8450B /* XDGithubEngine.h */,
				3AA8010F18B323CE00F8450B /* XDGithubEngine.m */,
			);
			path = GitEngine;
			sourceTree = "<group>";
		};
		3AA8011B18B3460200F8450B /* Category */ = {
			isa = PBXGroup;
			children = (
				3A373AD718BB440800E57345 /* NSDictionary+Category.h */,
				3A373AD818BB440800E57345 /* NSDictionary+Category.m */,
				3A373AD918BB440800E57345 /* NSMutableDictionary+nilObject.h */,
				3A373ADA18BB440800E57345 /* NSMutableDictionary+nilObject.m */,
				3AA8011C18B3460200F8450B /* NSData+Category.h */,
				3AA8011D18B3460200F8450B /* NSData+Category.m */,
				3AA8011E18B3460200F8450B /* NSString+Category.h */,
				3AA8011F18B3460200F8450B /* NSString+Category.m */,
				3AA4F02D18B5977600E8E1BA /* UIButton+AsyncImage.h */,
				3AA4F02E18B5977600E8E1BA /* UIButton+AsyncImage.m */,
			);
			path = Category;
			sourceTree = "<group>";
		};
		3AA8012218B3532D00F8450B /* Repositories */ = {
			isa = PBXGroup;
			children = (
				3AA8012318B3532D00F8450B /* XDRepositoryViewController.h */,
				3AA8012418B3532D00F8450B /* XDRepositoryViewController.m */,
				3AA4F03A18B5DBC500E8E1BA /* XDRepositoryCell.h */,
				3AA4F03B18B5DBC500E8E1BA /* XDRepositoryCell.m */,
				3A3279E618B721100031A0A7 /* XDRepoCardViewController.h */,
				3A3279E718B721100031A0A7 /* XDRepoCardViewController.m */,
				3A3279E918B721810031A0A7 /* repoCard.plist */,
				3A3279EE18B750A60031A0A7 /* XDStargazersViewController.h */,
				3A3279EF18B750A60031A0A7 /* XDStargazersViewController.m */,
				3A3279F118B7513A0031A0A7 /* XDForkersViewController.h */,
				3A3279F218B7513A0031A0A7 /* XDForkersViewController.m */,
				3A3279F418B758510031A0A7 /* XDWatchersViewController.h */,
				3A3279F518B758510031A0A7 /* XDWatchersViewController.m */,
			);
			path = Repositories;
			sourceTree = "<group>";
		};
		3AEDE94018ADF5A90093946D = {
			isa = PBXGroup;
			children = (
				3AEDE95218ADF5A90093946D /* XDGitClient */,
				3AEDE94B18ADF5A90093946D /* Frameworks */,
				3AEDE94A18ADF5A90093946D /* Products */,
			);
			sourceTree = "<group>";
		};
		3AEDE94A18ADF5A90093946D /* Products */ = {
			isa = PBXGroup;
			children = (
				3AEDE94918ADF5A90093946D /* XDGitClient.app */,
				3AEDE96418ADF5A90093946D /* XDGitClientTests.xctest */,
			);
			name = Products;
			sourceTree = "<group>";
		};
		3AEDE94B18ADF5A90093946D /* Frameworks */ = {
			isa = PBXGroup;
			children = (
				3C2059401A383F4B00CE3299 /* MobileCoreServices.framework */,
				3C20593E1A383F2400CE3299 /* SystemConfiguration.framework */,
				3AEDE94C18ADF5A90093946D /* Foundation.framework */,
				3AEDE94E18ADF5A90093946D /* CoreGraphics.framework */,
				3AEDE95018ADF5A90093946D /* UIKit.framework */,
				3AEDE96518ADF5A90093946D /* XCTest.framework */,
			);
			name = Frameworks;
			sourceTree = "<group>";
		};
		3AEDE95218ADF5A90093946D /* XDGitClient */ = {
			isa = PBXGroup;
			children = (
				3AEDE99018ADFF1A0093946D /* XDSupport */,
				3AEDE98018ADFD370093946D /* Class */,
				3AEDE95E18ADF5A90093946D /* Images.xcassets */,
				3AEDE95318ADF5A90093946D /* Supporting Files */,
			);
			path = XDGitClient;
			sourceTree = "<group>";
		};
		3AEDE95318ADF5A90093946D /* Supporting Files */ = {
			isa = PBXGroup;
			children = (
				3A47A4EC18B462FE001C76C0 /* Images */,
				3AEDE95418ADF5A90093946D /* XDGitClient-Info.plist */,
				3AEDE95518ADF5A90093946D /* InfoPlist.strings */,
				3AEDE95818ADF5A90093946D /* main.m */,
				3AEDE95A18ADF5A90093946D /* XDGitClient-Prefix.pch */,
				3CA4F00818B24D8C006C28BF /* XDLocalDefine.h */,
			);
			name = "Supporting Files";
			sourceTree = "<group>";
		};
		3AEDE98018ADFD370093946D /* Class */ = {
			isa = PBXGroup;
			children = (
				3C35293E1A4199F700D88E09 /* Users */,
				3A373ADD18BB48D200E57345 /* PullRequest */,
				3AA4F03018B5CC8300E8E1BA /* Gits */,
				3AA8012218B3532D00F8450B /* Repositories */,
				3AA8010418B2FEA400F8450B /* Activity */,
				3AEDE98118ADFD370093946D /* Account */,
				3AEDE98418ADFD370093946D /* XDAppDelegate.h */,
				3AEDE98518ADFD380093946D /* XDAppDelegate.m */,
				3AEDEA5618AE21B10093946D /* XDGitSideViewController.h */,
				3AEDEA5718AE21B10093946D /* XDGitSideViewController.m */,
				3AEDEA5918AE221D0093946D /* XDGitDeckViewController.h */,
				3AEDEA5A18AE221D0093946D /* XDGitDeckViewController.m */,
				3AEDEA5C18AE22570093946D /* XDRootViewController.h */,
				3AEDEA5D18AE22570093946D /* XDRootViewController.m */,
				3A4B77A718B2140D00A94D47 /* sideSource.plist */,
			);
			path = Class;
			sourceTree = "<group>";
		};
		3AEDE98118ADFD370093946D /* Account */ = {
			isa = PBXGroup;
			children = (
				3AA8013118B3691700F8450B /* XDAccountCardViewController.h */,
				3AA8013218B3691700F8450B /* XDAccountCardViewController.m */,
				3A8F89E418B4B71200924CDE /* accountCard.plist */,
				3A3279EB18B74E700031A0A7 /* XDAccountViewController.h */,
				3A3279EC18B74E700031A0A7 /* XDAccountViewController.m */,
				3C1618841A3EDF280052A559 /* XDOauthViewController.h */,
				3C16190F1A3EF05B0052A559 /* XDOauthViewController.m */,
			);
			path = Account;
			sourceTree = "<group>";
		};
		3AEDE99018ADFF1A0093946D /* XDSupport */ = {
			isa = PBXGroup;
			children = (
				3AA4F04318B5DD2F00E8E1BA /* Protocol */,
				3AA8011B18B3460200F8450B /* Category */,
				3AA8010C18B3228000F8450B /* GitEngine */,
				3CA4F00A18B25281006C28BF /* DataModel */,
				3AEDE9C018AE17450093946D /* ThirdParty */,
				3AEDE99118ADFF1A0093946D /* BaseController */,
			);
			path = XDSupport;
			sourceTree = "<group>";
		};
		3AEDE99118ADFF1A0093946D /* BaseController */ = {
			isa = PBXGroup;
			children = (
				3A47A4D718B45504001C76C0 /* Control */,
				3AA8012918B35B9B00F8450B /* XDTabBarController.h */,
				3AA8012A18B35B9B00F8450B /* XDTabBarController.m */,
				3AEDEA4218AE1D930093946D /* TableViewController */,
				3AEDE99A18ADFF1A0093946D /* XDViewController.h */,
				3AEDE99B18ADFF1A0093946D /* XDViewController.m */,
			);
			path = BaseController;
			sourceTree = "<group>";
		};
		3AEDE99C18ADFF1A0093946D /* Manager */ = {
			isa = PBXGroup;
			children = (
				3AEDE9A118ADFF1A0093946D /* XDViewManager.h */,
				3AEDE9A218ADFF1A0093946D /* XDViewManager.m */,
				3CA4F00518B2401F006C28BF /* XDConfigManager.h */,
				3CA4F00618B2401F006C28BF /* XDConfigManager.m */,
			);
			name = Manager;
			path = ../../Manager;
			sourceTree = "<group>";
		};
		3AEDE9C018AE17450093946D /* ThirdParty */ = {
			isa = PBXGroup;
			children = (
				3C2D358E1A3A88D7000E0FFB /* AFNetworking */,
				3AEDEA4C18AE20D10093946D /* ViewDeck */,
				3AEDEA0C18AE17450093946D /* NRGridView */,
				3AEDEA1418AE17450093946D /* SVPullToRefresh */,
			);
			path = ThirdParty;
			sourceTree = "<group>";
		};
		3AEDEA0C18AE17450093946D /* NRGridView */ = {
			isa = PBXGroup;
			children = (
				3AEDE99C18ADFF1A0093946D /* Manager */,
				3AEDEA0D18AE17450093946D /* NRGridConstants.h */,
				3AEDEA0E18AE17450093946D /* NRGridView.h */,
				3AEDEA0F18AE17450093946D /* NRGridView.m */,
				3AEDEA1018AE17450093946D /* NRGridViewCell.h */,
				3AEDEA1118AE17450093946D /* NRGridViewCell.m */,
				3AEDEA1218AE17450093946D /* NRGridViewDataSource.h */,
				3AEDEA1318AE17450093946D /* NRGridViewDelegate.h */,
			);
			path = NRGridView;
			sourceTree = "<group>";
		};
		3AEDEA1418AE17450093946D /* SVPullToRefresh */ = {
			isa = PBXGroup;
			children = (
				3AEDEA1518AE17450093946D /* SVPullToRefresh.h */,
				3AEDEA1618AE17450093946D /* UIScrollView+SVInfiniteScrolling.h */,
				3AEDEA1718AE17450093946D /* UIScrollView+SVInfiniteScrolling.m */,
				3AEDEA1818AE17450093946D /* UIScrollView+SVPullToRefresh.h */,
				3AEDEA1918AE17450093946D /* UIScrollView+SVPullToRefresh.m */,
			);
			path = SVPullToRefresh;
			sourceTree = "<group>";
		};
		3AEDEA4218AE1D930093946D /* TableViewController */ = {
			isa = PBXGroup;
			children = (
				3AEDEA4718AE1D930093946D /* XDTableViewController.h */,
				3AEDEA4818AE1D930093946D /* XDTableViewController.m */,
				3AA8010118B2F62B00F8450B /* XDTableViewCell.h */,
				3AA8010218B2F62B00F8450B /* XDTableViewCell.m */,
			);
			path = TableViewController;
			sourceTree = "<group>";
		};
		3AEDEA4C18AE20D10093946D /* ViewDeck */ = {
			isa = PBXGroup;
			children = (
				3AEDEA4D18AE20D10093946D /* IISideController.h */,
				3AEDEA4E18AE20D10093946D /* IISideController.m */,
				3AEDEA4F18AE20D10093946D /* IIViewDeckController.h */,
				3AEDEA5018AE20D10093946D /* IIViewDeckController.m */,
				3AEDEA5118AE20D10093946D /* IIWrapController.h */,
				3AEDEA5218AE20D10093946D /* IIWrapController.m */,
			);
			path = ViewDeck;
			sourceTree = "<group>";
		};
		3C2D358E1A3A88D7000E0FFB /* AFNetworking */ = {
			isa = PBXGroup;
			children = (
				3C2D358F1A3A88D7000E0FFB /* AFHTTPRequestOperation.h */,
				3C2D35901A3A88D7000E0FFB /* AFHTTPRequestOperation.m */,
				3C2D35911A3A88D7000E0FFB /* AFHTTPRequestOperationManager.h */,
				3C2D35921A3A88D7000E0FFB /* AFHTTPRequestOperationManager.m */,
				3C2D35931A3A88D7000E0FFB /* AFHTTPSessionManager.h */,
				3C2D35941A3A88D7000E0FFB /* AFHTTPSessionManager.m */,
				3C2D35951A3A88D7000E0FFB /* AFNetworking.h */,
				3C2D35961A3A88D7000E0FFB /* AFNetworkReachabilityManager.h */,
				3C2D35971A3A88D7000E0FFB /* AFNetworkReachabilityManager.m */,
				3C2D35981A3A88D7000E0FFB /* AFSecurityPolicy.h */,
				3C2D35991A3A88D7000E0FFB /* AFSecurityPolicy.m */,
				3C2D359A1A3A88D7000E0FFB /* AFURLConnectionOperation.h */,
				3C2D359B1A3A88D7000E0FFB /* AFURLConnectionOperation.m */,
				3C2D359C1A3A88D7000E0FFB /* AFURLRequestSerialization.h */,
				3C2D359D1A3A88D7000E0FFB /* AFURLRequestSerialization.m */,
				3C2D359E1A3A88D7000E0FFB /* AFURLResponseSerialization.h */,
				3C2D359F1A3A88D7000E0FFB /* AFURLResponseSerialization.m */,
				3C2D35A01A3A88D7000E0FFB /* AFURLSessionManager.h */,
				3C2D35A11A3A88D7000E0FFB /* AFURLSessionManager.m */,
				3C2D35A21A3A88D7000E0FFB /* UIKit+AFNetworking */,
			);
			path = AFNetworking;
			sourceTree = "<group>";
		};
		3C2D35A21A3A88D7000E0FFB /* UIKit+AFNetworking */ = {
			isa = PBXGroup;
			children = (
				3C2D35A31A3A88D7000E0FFB /* AFNetworkActivityIndicatorManager.h */,
				3C2D35A41A3A88D7000E0FFB /* AFNetworkActivityIndicatorManager.m */,
				3C2D35A51A3A88D7000E0FFB /* UIActivityIndicatorView+AFNetworking.h */,
				3C2D35A61A3A88D7000E0FFB /* UIActivityIndicatorView+AFNetworking.m */,
				3C2D35A71A3A88D7000E0FFB /* UIAlertView+AFNetworking.h */,
				3C2D35A81A3A88D7000E0FFB /* UIAlertView+AFNetworking.m */,
				3C2D35A91A3A88D7000E0FFB /* UIButton+AFNetworking.h */,
				3C2D35AA1A3A88D7000E0FFB /* UIButton+AFNetworking.m */,
				3C2D35AB1A3A88D7000E0FFB /* UIImageView+AFNetworking.h */,
				3C2D35AC1A3A88D7000E0FFB /* UIImageView+AFNetworking.m */,
				3C2D35AD1A3A88D7000E0FFB /* UIKit+AFNetworking.h */,
				3C2D35AE1A3A88D7000E0FFB /* UIProgressView+AFNetworking.h */,
				3C2D35AF1A3A88D7000E0FFB /* UIProgressView+AFNetworking.m */,
				3C2D35B01A3A88D7000E0FFB /* UIRefreshControl+AFNetworking.h */,
				3C2D35B11A3A88D7000E0FFB /* UIRefreshControl+AFNetworking.m */,
				3C2D35B21A3A88D7000E0FFB /* UIWebView+AFNetworking.h */,
				3C2D35B31A3A88D7000E0FFB /* UIWebView+AFNetworking.m */,
			);
			path = "UIKit+AFNetworking";
			sourceTree = "<group>";
		};
		3C35293E1A4199F700D88E09 /* Users */ = {
			isa = PBXGroup;
			children = (
				3C35293F1A4199F700D88E09 /* Follow */,
			);
			path = Users;
			sourceTree = "<group>";
		};
		3C35293F1A4199F700D88E09 /* Follow */ = {
			isa = PBXGroup;
			children = (
				3C3529401A4199F700D88E09 /* XDFollowerViewController.h */,
				3C3529411A4199F700D88E09 /* XDFollowerViewController.m */,
				3C3529421A4199F700D88E09 /* XDFollowingViewController.h */,
				3C3529431A4199F700D88E09 /* XDFollowingViewController.m */,
			);
			path = Follow;
			sourceTree = "<group>";
		};
		3CA4F00A18B25281006C28BF /* DataModel */ = {
			isa = PBXGroup;
			children = (
				3CA4F00B18B25298006C28BF /* AccountModel.h */,
				3CA4F00C18B25298006C28BF /* AccountModel.m */,
				3AA8012618B3554A00F8450B /* RepositoryModel.h */,
				3AA8012718B3554A00F8450B /* RepositoryModel.m */,
				3AA4F03418B5D27000E8E1BA /* GitModel.h */,
				3AA4F03518B5D27000E8E1BA /* GitModel.m */,
				3AA4F03718B5D36000E8E1BA /* FileModel.h */,
				3AA4F03818B5D36000E8E1BA /* FileModel.m */,
				3AA4F04018B5DCB900E8E1BA /* XDBaseModel.h */,
				3AA4F04118B5DCB900E8E1BA /* XDBaseModel.m */,
				3A373AD418BB439700E57345 /* PullRequestModel.h */,
				3A373AD518BB439700E57345 /* PullRequestModel.m */,
				3C2DF4F91A396F550034A688 /* AppConfigModel.h */,
				3C2DF4FA1A396F550034A688 /* AppConfigModel.m */,
			);
			path = DataModel;
			sourceTree = "<group>";
		};
/* End PBXGroup section */

/* Begin PBXNativeTarget section */
		3AEDE94818ADF5A90093946D /* XDGitClient */ = {
			isa = PBXNativeTarget;
			buildConfigurationList = 3AEDE97518ADF5A90093946D /* Build configuration list for PBXNativeTarget "XDGitClient" */;
			buildPhases = (
				3AEDE94518ADF5A90093946D /* Sources */,
				3AEDE94618ADF5A90093946D /* Frameworks */,
				3AEDE94718ADF5A90093946D /* Resources */,
			);
			buildRules = (
			);
			dependencies = (
			);
			name = XDGitClient;
			productName = XDGitClient;
			productReference = 3AEDE94918ADF5A90093946D /* XDGitClient.app */;
			productType = "com.apple.product-type.application";
		};
		3AEDE96318ADF5A90093946D /* XDGitClientTests */ = {
			isa = PBXNativeTarget;
			buildConfigurationList = 3AEDE97818ADF5A90093946D /* Build configuration list for PBXNativeTarget "XDGitClientTests" */;
			buildPhases = (
				3AEDE96018ADF5A90093946D /* Sources */,
				3AEDE96118ADF5A90093946D /* Frameworks */,
				3AEDE96218ADF5A90093946D /* Resources */,
			);
			buildRules = (
			);
			dependencies = (
				3AEDE96A18ADF5A90093946D /* PBXTargetDependency */,
			);
			name = XDGitClientTests;
			productName = XDGitClientTests;
			productReference = 3AEDE96418ADF5A90093946D /* XDGitClientTests.xctest */;
			productType = "com.apple.product-type.bundle.unit-test";
		};
/* End PBXNativeTarget section */

/* Begin PBXProject section */
		3AEDE94118ADF5A90093946D /* Project object */ = {
			isa = PBXProject;
			attributes = {
				CLASSPREFIX = XD;
				LastUpgradeCheck = 0500;
				ORGANIZATIONNAME = XDIOS;
				TargetAttributes = {
					3AEDE94818ADF5A90093946D = {
						DevelopmentTeam = 499WYUV8Q2;
					};
					3AEDE96318ADF5A90093946D = {
						TestTargetID = 3AEDE94818ADF5A90093946D;
					};
				};
			};
			buildConfigurationList = 3AEDE94418ADF5A90093946D /* Build configuration list for PBXProject "XDGitClient" */;
			compatibilityVersion = "Xcode 3.2";
			developmentRegion = English;
			hasScannedForEncodings = 0;
			knownRegions = (
				en,
			);
			mainGroup = 3AEDE94018ADF5A90093946D;
			productRefGroup = 3AEDE94A18ADF5A90093946D /* Products */;
			projectDirPath = "";
			projectRoot = "";
			targets = (
				3AEDE94818ADF5A90093946D /* XDGitClient */,
				3AEDE96318ADF5A90093946D /* XDGitClientTests */,
			);
		};
/* End PBXProject section */

/* Begin PBXResourcesBuildPhase section */
		3AEDE94718ADF5A90093946D /* Resources */ = {
			isa = PBXResourcesBuildPhase;
			buildActionMask = 2147483647;
			files = (
				3A4B77A818B2140D00A94D47 /* sideSource.plist in Resources */,
				3AEDE95718ADF5A90093946D /* InfoPlist.strings in Resources */,
				3A47A50518B462FE001C76C0 /* login_input_bg@2x.png in Resources */,
				3A47A50818B462FE001C76C0 /* rectangle_checked@2x.png in Resources */,
				3A47A51718B462FE001C76C0 /* side_own@2x.png in Resources */,
				3A47A51018B462FE001C76C0 /* navi_bg_i7@2x.png in Resources */,
				3A3279D918B704B90031A0A7 /* star@2x.png in Resources */,
				3A47A50718B462FE001C76C0 /* rectangle_checked.png in Resources */,
				3A47A51518B462FE001C76C0 /* side_menu@2x.png in Resources */,
				3A47A50B18B462FE001C76C0 /* userHeaderDefault_30@2x.png in Resources */,
				3A3279DA18B704B90031A0A7 /* starred@2x.png in Resources */,
				3A47A50918B462FE001C76C0 /* rectangle_uncheck.png in Resources */,
				3A3279E318B705BC0031A0A7 /* fork40@2x.png in Resources */,
				3A47A50E18B462FE001C76C0 /* button_bg_red@2x.png in Resources */,
				3A47A51118B462FE001C76C0 /* navi_bg_prompt@2x.png in Resources */,
				3A3279DE18B705050031A0A7 /* tab_all@2x.png in Resources */,
				3A47A51218B462FE001C76C0 /* navi_bg_prompt_i7@2x.png in Resources */,
				3A3279DF18B705050031A0A7 /* tab_allSelect@2x.png in Resources */,
				3A3279E418B705BC0031A0A7 /* star40@2x.png in Resources */,
				3A47A51418B462FE001C76C0 /* navi_settingWhite@2x.png in Resources */,
				3A47A50D18B462FE001C76C0 /* button_bg_green@2x.png in Resources */,
				3A47A51618B462FE001C76C0 /* side_copy@2x.png in Resources */,
				3AEDE95F18ADF5A90093946D /* Images.xcassets in Resources */,
				3A47A50C18B462FE001C76C0 /* button_bg_blue@2x.png in Resources */,
				3A3279EA18B721810031A0A7 /* repoCard.plist in Resources */,
				3A3279E518B705BC0031A0A7 /* starred40@2x.png in Resources */,
				3A3279D818B704B90031A0A7 /* fork@2x.png in Resources */,
				3A47A50A18B462FE001C76C0 /* rectangle_uncheck@2x.png in Resources */,
				3A47A50618B462FE001C76C0 /* login_separator@2x.png in Resources */,
				3A8F89E518B4B71200924CDE /* accountCard.plist in Resources */,
				3A47A50F18B462FE001C76C0 /* navi_bg@2x.png in Resources */,
				3A47A51318B462FE001C76C0 /* navi_settingBlue@2x.png in Resources */,
			);
			runOnlyForDeploymentPostprocessing = 0;
		};
		3AEDE96218ADF5A90093946D /* Resources */ = {
			isa = PBXResourcesBuildPhase;
			buildActionMask = 2147483647;
			files = (
			);
			runOnlyForDeploymentPostprocessing = 0;
		};
/* End PBXResourcesBuildPhase section */

/* Begin PBXSourcesBuildPhase section */
		3AEDE94518ADF5A90093946D /* Sources */ = {
			isa = PBXSourcesBuildPhase;
			buildActionMask = 2147483647;
			files = (
				3AEDEA3D18AE17450093946D /* UIScrollView+SVPullToRefresh.m in Sources */,
				3A373AE018BB48D200E57345 /* XDPullRequestsViewController.m in Sources */,
				3AA4F02F18B5977600E8E1BA /* UIButton+AsyncImage.m in Sources */,
				3AEDE9A718ADFF1A0093946D /* XDViewController.m in Sources */,
				3A47A4E318B45504001C76C0 /* XDTabBarItem.m in Sources */,
				3C2D35BC1A3A88D7000E0FFB /* AFURLSessionManager.m in Sources */,
				3C3529451A4199F700D88E09 /* XDFollowingViewController.m in Sources */,
				3C2D35BE1A3A88D7000E0FFB /* UIActivityIndicatorView+AFNetworking.m in Sources */,
				3C2D35C31A3A88D7000E0FFB /* UIRefreshControl+AFNetworking.m in Sources */,
				3A3279F018B750A60031A0A7 /* XDStargazersViewController.m in Sources */,
				3AEDEA3C18AE17450093946D /* UIScrollView+SVInfiniteScrolling.m in Sources */,
				3CA4F00D18B25298006C28BF /* AccountModel.m in Sources */,
				3C35293D1A41999F00D88E09 /* XDNotificationsViewController.m in Sources */,
				3CA4F00718B2401F006C28BF /* XDConfigManager.m in Sources */,
				3AEDEA3B18AE17450093946D /* NRGridViewCell.m in Sources */,
				3C35293A1A41996700D88E09 /* XDEventsViewController.m in Sources */,
				3C2D35B81A3A88D7000E0FFB /* AFSecurityPolicy.m in Sources */,
				3AEDEA5418AE20D10093946D /* IIViewDeckController.m in Sources */,
				3C2D35B71A3A88D7000E0FFB /* AFNetworkReachabilityManager.m in Sources */,
				3A47A4E718B45527001C76C0 /* XDActivityIndicatorView.m in Sources */,
				3AA8010318B2F62B00F8450B /* XDTableViewCell.m in Sources */,
				3AA8012B18B35B9B00F8450B /* XDTabBarController.m in Sources */,
				3AA8012118B3460200F8450B /* NSString+Category.m in Sources */,
				3AA8012018B3460200F8450B /* NSData+Category.m in Sources */,
				3AEDEA5318AE20D10093946D /* IISideController.m in Sources */,
				3AEDEA5818AE21B10093946D /* XDGitSideViewController.m in Sources */,
				3A47A4E118B45504001C76C0 /* XDLoadingView.m in Sources */,
				3AA4F03618B5D27000E8E1BA /* GitModel.m in Sources */,
				3AEDE9AA18ADFF1A0093946D /* XDViewManager.m in Sources */,
				3C2D35B41A3A88D7000E0FFB /* AFHTTPRequestOperation.m in Sources */,
				3AEDE98718ADFD380093946D /* XDAppDelegate.m in Sources */,
				3AA8012518B3532D00F8450B /* XDRepositoryViewController.m in Sources */,
				3AEDEA5B18AE221D0093946D /* XDGitDeckViewController.m in Sources */,
				3C2D35BB1A3A88D7000E0FFB /* AFURLResponseSerialization.m in Sources */,
				3AA4F04218B5DCB900E8E1BA /* XDBaseModel.m in Sources */,
				3C2D35C21A3A88D7000E0FFB /* UIProgressView+AFNetworking.m in Sources */,
				3C1619101A3EF05B0052A559 /* XDOauthViewController.m in Sources */,
				3A3279ED18B74E700031A0A7 /* XDAccountViewController.m in Sources */,
				3C2DF4FB1A396F550034A688 /* AppConfigModel.m in Sources */,
				3AA8013318B3691700F8450B /* XDAccountCardViewController.m in Sources */,
				3AA8012818B3554A00F8450B /* RepositoryModel.m in Sources */,
				3C2D35C41A3A88D7000E0FFB /* UIWebView+AFNetworking.m in Sources */,
				3AEDE95918ADF5A90093946D /* main.m in Sources */,
				3C2D35B51A3A88D7000E0FFB /* AFHTTPRequestOperationManager.m in Sources */,
				3AEDEA5E18AE22570093946D /* XDRootViewController.m in Sources */,
				3AEDEA5518AE20D10093946D /* IIWrapController.m in Sources */,
				3C2D35C01A3A88D7000E0FFB /* UIButton+AFNetworking.m in Sources */,
				3AEDEA4B18AE1D930093946D /* XDTableViewController.m in Sources */,
				3AA4F03C18B5DBC500E8E1BA /* XDRepositoryCell.m in Sources */,
				3A3279F618B758510031A0A7 /* XDWatchersViewController.m in Sources */,
				3AA4F03918B5D36000E8E1BA /* FileModel.m in Sources */,
				3C3529441A4199F700D88E09 /* XDFollowerViewController.m in Sources */,
				3AA8011018B323CE00F8450B /* XDGithubEngine.m in Sources */,
				3C2D35BD1A3A88D7000E0FFB /* AFNetworkActivityIndicatorManager.m in Sources */,
				3A3279F318B7513A0031A0A7 /* XDForkersViewController.m in Sources */,
				3C2D35B91A3A88D7000E0FFB /* AFURLConnectionOperation.m in Sources */,
				3A373AE318BB491E00E57345 /* XDPullRequestCell.m in Sources */,
				3C2D35BF1A3A88D7000E0FFB /* UIAlertView+AFNetworking.m in Sources */,
				3C2D35BA1A3A88D7000E0FFB /* AFURLRequestSerialization.m in Sources */,
				3AEDEA3A18AE17450093946D /* NRGridView.m in Sources */,
				3A3279E818B721100031A0A7 /* XDRepoCardViewController.m in Sources */,
				3A373AD618BB439700E57345 /* PullRequestModel.m in Sources */,
				3A373ADB18BB440800E57345 /* NSDictionary+Category.m in Sources */,
				3A373ADC18BB440800E57345 /* NSMutableDictionary+nilObject.m in Sources */,
				3AA4F03318B5CC9100E8E1BA /* XDGitsViewController.m in Sources */,
				3C2D35C11A3A88D7000E0FFB /* UIImageView+AFNetworking.m in Sources */,
				3C2D35B61A3A88D7000E0FFB /* AFHTTPSessionManager.m in Sources */,
			);
			runOnlyForDeploymentPostprocessing = 0;
		};
		3AEDE96018ADF5A90093946D /* Sources */ = {
			isa = PBXSourcesBuildPhase;
			buildActionMask = 2147483647;
			files = (
			);
			runOnlyForDeploymentPostprocessing = 0;
		};
/* End PBXSourcesBuildPhase section */

/* Begin PBXTargetDependency section */
		3AEDE96A18ADF5A90093946D /* PBXTargetDependency */ = {
			isa = PBXTargetDependency;
			target = 3AEDE94818ADF5A90093946D /* XDGitClient */;
			targetProxy = 3AEDE96918ADF5A90093946D /* PBXContainerItemProxy */;
		};
/* End PBXTargetDependency section */

/* Begin PBXVariantGroup section */
		3AEDE95518ADF5A90093946D /* InfoPlist.strings */ = {
			isa = PBXVariantGroup;
			children = (
				3AEDE95618ADF5A90093946D /* en */,
			);
			name = InfoPlist.strings;
			sourceTree = "<group>";
		};
/* End PBXVariantGroup section */

/* Begin XCBuildConfiguration section */
		3AEDE97318ADF5A90093946D /* Debug */ = {
			isa = XCBuildConfiguration;
			buildSettings = {
				ALWAYS_SEARCH_USER_PATHS = NO;
				ARCHS = "$(ARCHS_STANDARD_INCLUDING_64_BIT)";
				CLANG_CXX_LANGUAGE_STANDARD = "gnu++0x";
				CLANG_CXX_LIBRARY = "libc++";
				CLANG_ENABLE_MODULES = YES;
				CLANG_ENABLE_OBJC_ARC = YES;
				CLANG_WARN_BOOL_CONVERSION = YES;
				CLANG_WARN_CONSTANT_CONVERSION = YES;
				CLANG_WARN_DIRECT_OBJC_ISA_USAGE = YES_ERROR;
				CLANG_WARN_EMPTY_BODY = YES;
				CLANG_WARN_ENUM_CONVERSION = YES;
				CLANG_WARN_INT_CONVERSION = YES;
				CLANG_WARN_OBJC_ROOT_CLASS = YES_ERROR;
				CLANG_WARN__DUPLICATE_METHOD_MATCH = YES;
				"CODE_SIGN_IDENTITY[sdk=iphoneos*]" = "iPhone Developer";
				COPY_PHASE_STRIP = NO;
				GCC_C_LANGUAGE_STANDARD = gnu99;
				GCC_DYNAMIC_NO_PIC = NO;
				GCC_OPTIMIZATION_LEVEL = 0;
				GCC_PREPROCESSOR_DEFINITIONS = (
					"DEBUG=1",
					"$(inherited)",
				);
				GCC_SYMBOLS_PRIVATE_EXTERN = NO;
				GCC_WARN_64_TO_32_BIT_CONVERSION = YES;
				GCC_WARN_ABOUT_RETURN_TYPE = YES_ERROR;
				GCC_WARN_UNDECLARED_SELECTOR = YES;
				GCC_WARN_UNINITIALIZED_AUTOS = YES;
				GCC_WARN_UNUSED_FUNCTION = YES;
				GCC_WARN_UNUSED_VARIABLE = YES;
				IPHONEOS_DEPLOYMENT_TARGET = 5.0;
				ONLY_ACTIVE_ARCH = YES;
				SDKROOT = iphoneos;
			};
			name = Debug;
		};
		3AEDE97418ADF5A90093946D /* Release */ = {
			isa = XCBuildConfiguration;
			buildSettings = {
				ALWAYS_SEARCH_USER_PATHS = NO;
				ARCHS = "$(ARCHS_STANDARD_INCLUDING_64_BIT)";
				CLANG_CXX_LANGUAGE_STANDARD = "gnu++0x";
				CLANG_CXX_LIBRARY = "libc++";
				CLANG_ENABLE_MODULES = YES;
				CLANG_ENABLE_OBJC_ARC = YES;
				CLANG_WARN_BOOL_CONVERSION = YES;
				CLANG_WARN_CONSTANT_CONVERSION = YES;
				CLANG_WARN_DIRECT_OBJC_ISA_USAGE = YES_ERROR;
				CLANG_WARN_EMPTY_BODY = YES;
				CLANG_WARN_ENUM_CONVERSION = YES;
				CLANG_WARN_INT_CONVERSION = YES;
				CLANG_WARN_OBJC_ROOT_CLASS = YES_ERROR;
				CLANG_WARN__DUPLICATE_METHOD_MATCH = YES;
				"CODE_SIGN_IDENTITY[sdk=iphoneos*]" = "iPhone Developer";
				COPY_PHASE_STRIP = YES;
				ENABLE_NS_ASSERTIONS = NO;
				GCC_C_LANGUAGE_STANDARD = gnu99;
				GCC_WARN_64_TO_32_BIT_CONVERSION = YES;
				GCC_WARN_ABOUT_RETURN_TYPE = YES_ERROR;
				GCC_WARN_UNDECLARED_SELECTOR = YES;
				GCC_WARN_UNINITIALIZED_AUTOS = YES;
				GCC_WARN_UNUSED_FUNCTION = YES;
				GCC_WARN_UNUSED_VARIABLE = YES;
				IPHONEOS_DEPLOYMENT_TARGET = 5.0;
				ONLY_ACTIVE_ARCH = YES;
				SDKROOT = iphoneos;
				VALIDATE_PRODUCT = YES;
			};
			name = Release;
		};
		3AEDE97618ADF5A90093946D /* Debug */ = {
			isa = XCBuildConfiguration;
			buildSettings = {
				ASSETCATALOG_COMPILER_APPICON_NAME = AppIcon;
				ASSETCATALOG_COMPILER_LAUNCHIMAGE_NAME = LaunchImage;
				CODE_SIGN_IDENTITY = "iPhone Developer";
				GCC_PRECOMPILE_PREFIX_HEADER = YES;
				GCC_PREFIX_HEADER = "XDGitClient/XDGitClient-Prefix.pch";
				INFOPLIST_FILE = "XDGitClient/XDGitClient-Info.plist";
				IPHONEOS_DEPLOYMENT_TARGET = 7.0;
				PRODUCT_NAME = "$(TARGET_NAME)";
				PROVISIONING_PROFILE = "6cab64ab-ddab-4047-a08c-ff259fed8566";
				TARGETED_DEVICE_FAMILY = 1;
				WRAPPER_EXTENSION = app;
			};
			name = Debug;
		};
		3AEDE97718ADF5A90093946D /* Release */ = {
			isa = XCBuildConfiguration;
			buildSettings = {
				ASSETCATALOG_COMPILER_APPICON_NAME = AppIcon;
				ASSETCATALOG_COMPILER_LAUNCHIMAGE_NAME = LaunchImage;
				CODE_SIGN_IDENTITY = "iPhone Developer";
				GCC_PRECOMPILE_PREFIX_HEADER = YES;
				GCC_PREFIX_HEADER = "XDGitClient/XDGitClient-Prefix.pch";
				INFOPLIST_FILE = "XDGitClient/XDGitClient-Info.plist";
				IPHONEOS_DEPLOYMENT_TARGET = 7.0;
				PRODUCT_NAME = "$(TARGET_NAME)";
				PROVISIONING_PROFILE = "6cab64ab-ddab-4047-a08c-ff259fed8566";
				TARGETED_DEVICE_FAMILY = 1;
				WRAPPER_EXTENSION = app;
			};
			name = Release;
		};
		3AEDE97918ADF5A90093946D /* Debug */ = {
			isa = XCBuildConfiguration;
			buildSettings = {
				ARCHS = "$(ARCHS_STANDARD_INCLUDING_64_BIT)";
				BUNDLE_LOADER = "$(BUILT_PRODUCTS_DIR)/XDGitClient.app/XDGitClient";
				FRAMEWORK_SEARCH_PATHS = (
					"$(SDKROOT)/Developer/Library/Frameworks",
					"$(inherited)",
					"$(DEVELOPER_FRAMEWORKS_DIR)",
				);
				GCC_PRECOMPILE_PREFIX_HEADER = YES;
				GCC_PREFIX_HEADER = "XDGitClient/XDGitClient-Prefix.pch";
				GCC_PREPROCESSOR_DEFINITIONS = (
					"DEBUG=1",
					"$(inherited)",
				);
				INFOPLIST_FILE = "XDGitClientTests/XDGitClientTests-Info.plist";
				PRODUCT_NAME = "$(TARGET_NAME)";
				TEST_HOST = "$(BUNDLE_LOADER)";
				WRAPPER_EXTENSION = xctest;
			};
			name = Debug;
		};
		3AEDE97A18ADF5A90093946D /* Release */ = {
			isa = XCBuildConfiguration;
			buildSettings = {
				ARCHS = "$(ARCHS_STANDARD_INCLUDING_64_BIT)";
				BUNDLE_LOADER = "$(BUILT_PRODUCTS_DIR)/XDGitClient.app/XDGitClient";
				FRAMEWORK_SEARCH_PATHS = (
					"$(SDKROOT)/Developer/Library/Frameworks",
					"$(inherited)",
					"$(DEVELOPER_FRAMEWORKS_DIR)",
				);
				GCC_PRECOMPILE_PREFIX_HEADER = YES;
				GCC_PREFIX_HEADER = "XDGitClient/XDGitClient-Prefix.pch";
				INFOPLIST_FILE = "XDGitClientTests/XDGitClientTests-Info.plist";
				PRODUCT_NAME = "$(TARGET_NAME)";
				TEST_HOST = "$(BUNDLE_LOADER)";
				WRAPPER_EXTENSION = xctest;
			};
			name = Release;
		};
/* End XCBuildConfiguration section */

/* Begin XCConfigurationList section */
		3AEDE94418ADF5A90093946D /* Build configuration list for PBXProject "XDGitClient" */ = {
			isa = XCConfigurationList;
			buildConfigurations = (
				3AEDE97318ADF5A90093946D /* Debug */,
				3AEDE97418ADF5A90093946D /* Release */,
			);
			defaultConfigurationIsVisible = 0;
			defaultConfigurationName = Release;
		};
		3AEDE97518ADF5A90093946D /* Build configuration list for PBXNativeTarget "XDGitClient" */ = {
			isa = XCConfigurationList;
			buildConfigurations = (
				3AEDE97618ADF5A90093946D /* Debug */,
				3AEDE97718ADF5A90093946D /* Release */,
			);
			defaultConfigurationIsVisible = 0;
			defaultConfigurationName = Release;
		};
		3AEDE97818ADF5A90093946D /* Build configuration list for PBXNativeTarget "XDGitClientTests" */ = {
			isa = XCConfigurationList;
			buildConfigurations = (
				3AEDE97918ADF5A90093946D /* Debug */,
				3AEDE97A18ADF5A90093946D /* Release */,
			);
			defaultConfigurationIsVisible = 0;
			defaultConfigurationName = Release;
		};
/* End XCConfigurationList section */
	};
	rootObject = 3AEDE94118ADF5A90093946D /* Project object */;
}
